schema: '2.0'
stages:
  baro-43-clima-nsys:
    cmd: calkit slurm batch --name baro-43-clima-nsys --environment clima --dep 
      ClimaAtmos.jl/perf/benchmark_step.jl --dep 
      ClimaAtmos.jl/config/default_configs/default_config.yml --dep 
      ClimaAtmos.jl/config/common_configs/numerics_sphere_he30ze43.yml --dep 
      ClimaAtmos.jl/config/perf_configs/bm_baroclinic_wave_moist.yml --dep 
      ClimaAtmos.jl/src --dep ClimaCore.jl/src --dep ClimaCore.jl/ext --dep 
      Project.toml --out nsys-outputs/baroclinic-wave-moist-43.nsys-rep -s 
      --gpus=1 -s --time=30 -s 
      --export=CLIMA_NAME_CUDA_KERNELS_FROM_STACK_TRACE=1 -- 
      scripts/run-nsys-clima.sh nsys-outputs/baroclinic-wave-moist-43 
      ClimaAtmos.jl/config/common_configs/numerics_sphere_he30ze43.yml 
      ClimaAtmos.jl/config/perf_configs/bm_baroclinic_wave_moist.yml
    deps:
    - path: ClimaAtmos.jl/config/common_configs/numerics_sphere_he30ze43.yml
      hash: md5
      md5: 76ca6ff32db8dfb1099f5fe9f9638115
      size: 158
    - path: ClimaAtmos.jl/config/default_configs/default_config.yml
      hash: md5
      md5: 03e3d7a6e07041b7e4814b37bfd4157d
      size: 21649
    - path: ClimaAtmos.jl/config/perf_configs/bm_baroclinic_wave_moist.yml
      hash: md5
      md5: 7f7ceeac2a160e76a7264481dc1e4f5c
      size: 200
    - path: ClimaAtmos.jl/perf/benchmark_step.jl
      hash: md5
      md5: 74030ed2adcccb7fa1e03f5ea5e05080
      size: 2957
    - path: ClimaAtmos.jl/src
      hash: md5
      md5: 7aaaf06bbf61b849ad46aa8b16d1ac82.dir
      size: 1283330
      nfiles: 99
    - path: ClimaCore.jl/ext
      hash: md5
      md5: fd7acdc3243d8ee7a1743c1b6bd1d202.dir
      size: 174077
      nfiles: 25
    - path: ClimaCore.jl/src
      hash: md5
      md5: 848ce4416ff81e9c0ec17742fdb354d0.dir
      size: 1142299
      nfiles: 95
    - path: Project.toml
      hash: md5
      md5: b375627b3572bdffc6624d472385ed74
      size: 2266
    - path: scripts/run-nsys-clima.sh
      hash: md5
      md5: 28fbf3762b56964c50590bba3485ae1b
      size: 1466
    outs:
    - path: nsys-outputs/baroclinic-wave-moist-43.nsys-rep
      hash: md5
      md5: 42dd4ae96a8f35e6c0009a1ca1838b0d
      size: 2286971
  baro-63-clima-nsys:
    cmd: calkit slurm batch --name baro-63-clima-nsys --environment clima --dep 
      ClimaAtmos.jl/perf/benchmark_step_gpu.jl --dep 
      ClimaAtmos.jl/config/default_configs/default_config.yml --dep 
      config/numerics_sphere_he30ze63.yml --dep 
      ClimaAtmos.jl/config/perf_configs/bm_baroclinic_wave_moist.yml --dep 
      ClimaAtmos.jl/src --dep ClimaCore.jl/src --dep Project.toml --out 
      nsys-outputs/baroclinic-wave-moist-63.nsys-rep -s --gpus=1 -s --time=60 --
      scripts/run-nsys-clima.sh nsys-outputs/baroclinic-wave-moist-63 
      config/numerics_sphere_he30ze63.yml 
      ClimaAtmos.jl/config/perf_configs/bm_baroclinic_wave_moist.yml
    deps:
    - path: ClimaAtmos.jl/config/default_configs/default_config.yml
      hash: md5
      md5: dd13641c442bf75c923926f613f3a809
      size: 20378
    - path: ClimaAtmos.jl/config/perf_configs/bm_baroclinic_wave_moist.yml
      hash: md5
      md5: 7f7ceeac2a160e76a7264481dc1e4f5c
      size: 200
    - path: ClimaAtmos.jl/perf/benchmark_step_gpu.jl
      hash: md5
      md5: 40a9c1a4399f8990ec1cc81d43867b73
      size: 1688
    - path: ClimaAtmos.jl/src
      hash: md5
      md5: b5c1c179760ce26ff6a6ffbcf72d6a15.dir
      size: 1223571
      nfiles: 97
    - path: ClimaCore.jl/src
      hash: md5
      md5: 3ea59b040e8efc872b0c3c9bfe617f79.dir
      size: 1141968
      nfiles: 95
    - path: Project.toml
      hash: md5
      md5: d3a9216cb6e0ce1d494600d8076fcc36
      size: 2117
    - path: config/numerics_sphere_he30ze63.yml
      hash: md5
      md5: ef30c62c0b539d5db989eb92be533bb8
      size: 158
    - path: scripts/run-nsys-clima.sh
      hash: md5
      md5: 0fa8b0124e0d52d1f63b7af21958a0f9
      size: 1318
    outs:
    - path: nsys-outputs/baroclinic-wave-moist-63.nsys-rep
      hash: md5
      md5: 0fdf79dcb9e8196a5fd69ec4efdb404e
      size: 2418809
  amip-clima-nsys:
    cmd: calkit slurm batch --name amip-clima-nsys --environment clima --dep 
      ClimaAtmos.jl/perf/benchmark_step.jl --dep ClimaAtmos.jl/perf/common.jl 
      --dep ClimaAtmos.jl/config/default_configs/default_config.yml --dep 
      ClimaAtmos.jl/config/common_configs/numerics_sphere_he30ze63.yml --dep 
      config/amip_target_edonly.yml --dep 
      ClimaAtmos.jl/toml/longrun_aquaplanet.toml --dep ClimaAtmos.jl/src --dep 
      ClimaCore.jl/src --dep ClimaCore.jl/ext --dep Project.toml --dep 
      GPUCompiler.jl/src --out nsys-outputs/amip-target-edonly-63.nsys-rep -s 
      --gpus=1 -s --time=240 -s 
      --export=CLIMA_NAME_CUDA_KERNELS_FROM_STACK_TRACE=1 -- 
      scripts/run-nsys-clima.sh nsys-outputs/amip-target-edonly-63 
      ClimaAtmos.jl/config/common_configs/numerics_sphere_he30ze63.yml 
      config/amip_target_edonly.yml
    deps:
    - path: ClimaAtmos.jl/config/common_configs/numerics_sphere_he30ze63.yml
      hash: md5
      md5: 7e347e86d22cc0c3d1fdc3b9bc12640b
      size: 260
    - path: ClimaAtmos.jl/config/default_configs/default_config.yml
      hash: md5
      md5: 03e3d7a6e07041b7e4814b37bfd4157d
      size: 21649
    - path: ClimaAtmos.jl/perf/benchmark_step.jl
      hash: md5
      md5: 74030ed2adcccb7fa1e03f5ea5e05080
      size: 2957
    - path: ClimaAtmos.jl/perf/common.jl
      hash: md5
      md5: b30579005da2eb15bdf39fd73262afb4
      size: 1265
    - path: ClimaAtmos.jl/src
      hash: md5
      md5: 7aaaf06bbf61b849ad46aa8b16d1ac82.dir
      size: 1283330
      nfiles: 99
    - path: ClimaAtmos.jl/toml/longrun_aquaplanet.toml
      hash: md5
      md5: fe0afbe3ff59d7ba0c437259798ba7f7
      size: 99
    - path: ClimaCore.jl/ext
      hash: md5
      md5: fd7acdc3243d8ee7a1743c1b6bd1d202.dir
      size: 174077
      nfiles: 25
    - path: ClimaCore.jl/src
      hash: md5
      md5: 848ce4416ff81e9c0ec17742fdb354d0.dir
      size: 1142299
      nfiles: 95
    - path: GPUCompiler.jl/src
      hash: md5
      md5: 327ea8b6b798e1d21f99850c75530d55.dir
      size: 277451
      nfiles: 24
    - path: Project.toml
      hash: md5
      md5: b375627b3572bdffc6624d472385ed74
      size: 2266
    - path: config/amip_target_edonly.yml
      hash: md5
      md5: baca48773722a0848ee32bca9e2775a2
      size: 569
    - path: scripts/run-nsys-clima.sh
      hash: md5
      md5: 28fbf3762b56964c50590bba3485ae1b
      size: 1466
    outs:
    - path: nsys-outputs/amip-target-edonly-63.nsys-rep
      hash: md5
      md5: cd221f09cf55a715d278033ae5bd4fab
      size: 3957644
  amip-clima-ncu:
    cmd: calkit slurm batch --name amip-clima-ncu --environment clima --dep 
      ClimaAtmos.jl/perf/benchmark_step_gpu.jl --dep 
      ClimaAtmos.jl/config/default_configs/default_config.yml --dep 
      ClimaAtmos.jl/config/common_configs/numerics_sphere_he30ze63.yml --dep 
      config/amip_target_edonly.yml --dep 
      ClimaAtmos.jl/toml/longrun_aquaplanet.toml --dep ClimaAtmos.jl/src --dep 
      ClimaCore.jl/src --dep Project.toml --out 
      ncu-outputs/amip-target-edonly-63.ncu-rep -s --gpus=1 -s --time=240 -- 
      scripts/run-ncu-clima.sh ncu-outputs/amip-target-edonly-63 --config 
      ClimaAtmos.jl/config/common_configs/numerics_sphere_he30ze63.yml --config 
      config/amip_target_edonly.yml --kernel-name copyto_stencil_kernel_ 
      --launch-skip 0 --launch-count 20
    deps:
    - path: ClimaAtmos.jl/config/common_configs/numerics_sphere_he30ze63.yml
      hash: md5
      md5: 7e347e86d22cc0c3d1fdc3b9bc12640b
      size: 260
    - path: ClimaAtmos.jl/config/default_configs/default_config.yml
      hash: md5
      md5: dd13641c442bf75c923926f613f3a809
      size: 20378
    - path: ClimaAtmos.jl/perf/benchmark_step_gpu.jl
      hash: md5
      md5: 40a9c1a4399f8990ec1cc81d43867b73
      size: 1688
    - path: ClimaAtmos.jl/src
      hash: md5
      md5: b5c1c179760ce26ff6a6ffbcf72d6a15.dir
      size: 1223571
      nfiles: 97
    - path: ClimaAtmos.jl/toml/longrun_aquaplanet.toml
      hash: md5
      md5: fe0afbe3ff59d7ba0c437259798ba7f7
      size: 99
    - path: ClimaCore.jl/src
      hash: md5
      md5: 3ea59b040e8efc872b0c3c9bfe617f79.dir
      size: 1141968
      nfiles: 95
    - path: Project.toml
      hash: md5
      md5: d3a9216cb6e0ce1d494600d8076fcc36
      size: 2117
    - path: config/amip_target_edonly.yml
      hash: md5
      md5: baca48773722a0848ee32bca9e2775a2
      size: 569
    - path: scripts/run-ncu-clima.sh
      hash: md5
      md5: 8200734c6f800a8d0d3cf47b945acdd1
      size: 2813
    outs:
    - path: ncu-outputs/amip-target-edonly-63.ncu-rep
      hash: md5
      md5: d448dc77d10217f115825a16f1c780cb
      size: 23488944
  amip-ncu-update-jacobian:
    cmd: calkit slurm batch --name amip-ncu-update-jacobian --environment clima 
      --dep ClimaAtmos.jl/perf/benchmark_step_gpu.jl --dep 
      ClimaAtmos.jl/perf/common.jl --dep 
      ClimaAtmos.jl/config/default_configs/default_config.yml --dep 
      ClimaAtmos.jl/config/common_configs/numerics_sphere_he30ze63.yml --dep 
      config/amip_target_edonly.yml --dep 
      ClimaAtmos.jl/toml/longrun_aquaplanet.toml --dep ClimaAtmos.jl/src --dep 
      ClimaCore.jl/src --dep Project.toml --out 
      ncu-outputs/amip-update-jacobian-kernel.ncu-rep -s --gpus=1 -s --time=240 
      -- scripts/run-ncu-amip-update-jacobian.sh
    deps:
    - path: ClimaAtmos.jl/config/common_configs/numerics_sphere_he30ze63.yml
      hash: md5
      md5: 7e347e86d22cc0c3d1fdc3b9bc12640b
      size: 260
    - path: ClimaAtmos.jl/config/default_configs/default_config.yml
      hash: md5
      md5: dd13641c442bf75c923926f613f3a809
      size: 20378
    - path: ClimaAtmos.jl/perf/benchmark_step_gpu.jl
      hash: md5
      md5: 5ff6a0167ef258b715491d6af3e6f669
      size: 1744
    - path: ClimaAtmos.jl/perf/common.jl
      hash: md5
      md5: b30579005da2eb15bdf39fd73262afb4
      size: 1265
    - path: ClimaAtmos.jl/src
      hash: md5
      md5: b5c1c179760ce26ff6a6ffbcf72d6a15.dir
      size: 1223571
      nfiles: 97
    - path: ClimaAtmos.jl/toml/longrun_aquaplanet.toml
      hash: md5
      md5: fe0afbe3ff59d7ba0c437259798ba7f7
      size: 99
    - path: ClimaCore.jl/src
      hash: md5
      md5: 3ea59b040e8efc872b0c3c9bfe617f79.dir
      size: 1141968
      nfiles: 95
    - path: Project.toml
      hash: md5
      md5: b375627b3572bdffc6624d472385ed74
      size: 2266
    - path: config/amip_target_edonly.yml
      hash: md5
      md5: baca48773722a0848ee32bca9e2775a2
      size: 569
    - path: scripts/run-ncu-amip-update-jacobian.sh
      hash: md5
      md5: fbf1b3c1f45a97d3e4acbc7f50e44666
      size: 1089
    outs:
    - path: ncu-outputs/amip-update-jacobian-kernel.ncu-rep
      hash: md5
      md5: f3e70e423b1cc63e05e7434272fb772a
      size: 138823613
  baro-43-clima-nsys-orig:
    cmd: calkit slurm batch --name baro-43-clima-nsys-orig --environment clima 
      --dep ClimaAtmos.jl/perf/benchmark_step.jl --dep 
      ClimaAtmos.jl/config/default_configs/default_config.yml --dep 
      ClimaAtmos.jl/config/common_configs/numerics_sphere_he30ze43.yml --dep 
      ClimaAtmos.jl/config/perf_configs/bm_baroclinic_wave_moist.yml --dep 
      ClimaAtmos.jl/src --dep ClimaCore.jl/src --dep ClimaCore.jl/ext --dep 
      Project.toml --out nsys-outputs/baroclinic-wave-moist-43-orig.nsys-rep -s 
      --gpus=1 -s --time=30 -s 
      --export=CLIMA_NAME_CUDA_KERNELS_FROM_STACK_TRACE=0 -- 
      scripts/run-nsys-clima.sh nsys-outputs/baroclinic-wave-moist-43-orig 
      ClimaAtmos.jl/config/common_configs/numerics_sphere_he30ze43.yml 
      ClimaAtmos.jl/config/perf_configs/bm_baroclinic_wave_moist.yml
    deps:
    - path: ClimaAtmos.jl/config/common_configs/numerics_sphere_he30ze43.yml
      hash: md5
      md5: 76ca6ff32db8dfb1099f5fe9f9638115
      size: 158
    - path: ClimaAtmos.jl/config/default_configs/default_config.yml
      hash: md5
      md5: 5e5e1f769ecb024cadb7a06839f061f8
      size: 21469
    - path: ClimaAtmos.jl/config/perf_configs/bm_baroclinic_wave_moist.yml
      hash: md5
      md5: 7f7ceeac2a160e76a7264481dc1e4f5c
      size: 200
    - path: ClimaAtmos.jl/perf/benchmark_step.jl
      hash: md5
      md5: 068aab1bd8423af3ff23dc1c2e4f4b91
      size: 2764
    - path: ClimaAtmos.jl/src
      hash: md5
      md5: f478e1d5c54df106ec96bf6f1dee7e26.dir
      size: 1266366
      nfiles: 97
    - path: ClimaCore.jl/ext
      hash: md5
      md5: c8cb6da5edf8ccf84371f4db69ba906c.dir
      size: 174052
      nfiles: 25
    - path: ClimaCore.jl/src
      hash: md5
      md5: 848ce4416ff81e9c0ec17742fdb354d0.dir
      size: 1142299
      nfiles: 95
    - path: Project.toml
      hash: md5
      md5: b375627b3572bdffc6624d472385ed74
      size: 2266
    - path: scripts/run-nsys-clima.sh
      hash: md5
      md5: 28fbf3762b56964c50590bba3485ae1b
      size: 1466
    outs:
    - path: nsys-outputs/baroclinic-wave-moist-43-orig.nsys-rep
      hash: md5
      md5: e6732ab0baab1720f024fc2f019efb00
      size: 2335573
  amip-clima-nsys-orig:
    cmd: calkit slurm batch --name amip-clima-nsys-orig --environment clima 
      --dep ClimaAtmos.jl/perf/benchmark_step.jl --dep 
      ClimaAtmos.jl/perf/common.jl --dep 
      ClimaAtmos.jl/config/default_configs/default_config.yml --dep 
      ClimaAtmos.jl/config/common_configs/numerics_sphere_he30ze63.yml --dep 
      config/amip_target_edonly.yml --dep 
      ClimaAtmos.jl/toml/longrun_aquaplanet.toml --dep ClimaAtmos.jl/src --dep 
      ClimaCore.jl/src --dep Project.toml --dep GPUCompiler.jl/src --out 
      nsys-outputs/amip-target-edonly-63-orig.nsys-rep -s --gpus=1 -s --time=240
      -s --export=CLIMA_NAME_CUDA_KERNELS_FROM_STACK_TRACE=0 -- 
      scripts/run-nsys-clima.sh nsys-outputs/amip-target-edonly-63-orig 
      ClimaAtmos.jl/config/common_configs/numerics_sphere_he30ze63.yml 
      config/amip_target_edonly.yml
    deps:
    - path: ClimaAtmos.jl/config/common_configs/numerics_sphere_he30ze63.yml
      hash: md5
      md5: 7e347e86d22cc0c3d1fdc3b9bc12640b
      size: 260
    - path: ClimaAtmos.jl/config/default_configs/default_config.yml
      hash: md5
      md5: 03e3d7a6e07041b7e4814b37bfd4157d
      size: 21649
    - path: ClimaAtmos.jl/perf/benchmark_step.jl
      hash: md5
      md5: 74030ed2adcccb7fa1e03f5ea5e05080
      size: 2957
    - path: ClimaAtmos.jl/perf/common.jl
      hash: md5
      md5: b30579005da2eb15bdf39fd73262afb4
      size: 1265
    - path: ClimaAtmos.jl/src
      hash: md5
      md5: 7aaaf06bbf61b849ad46aa8b16d1ac82.dir
      size: 1283330
      nfiles: 99
    - path: ClimaAtmos.jl/toml/longrun_aquaplanet.toml
      hash: md5
      md5: fe0afbe3ff59d7ba0c437259798ba7f7
      size: 99
    - path: ClimaCore.jl/src
      hash: md5
      md5: 848ce4416ff81e9c0ec17742fdb354d0.dir
      size: 1142299
      nfiles: 95
    - path: GPUCompiler.jl/src
      hash: md5
      md5: 327ea8b6b798e1d21f99850c75530d55.dir
      size: 277451
      nfiles: 24
    - path: Project.toml
      hash: md5
      md5: b375627b3572bdffc6624d472385ed74
      size: 2266
    - path: config/amip_target_edonly.yml
      hash: md5
      md5: baca48773722a0848ee32bca9e2775a2
      size: 569
    - path: scripts/run-nsys-clima.sh
      hash: md5
      md5: 28fbf3762b56964c50590bba3485ae1b
      size: 1466
    outs:
    - path: nsys-outputs/amip-target-edonly-63-orig.nsys-rep
      hash: md5
      md5: 01e790fb062467ec3306b18b010937d4
      size: 3887617
  make-sample-device-df:
    cmd: calkit slurm batch --name make-sample-device-df --environment clima 
      --dep ClimaAtmos.jl/perf/benchmark_step.jl --dep 
      ClimaAtmos.jl/config/default_configs/default_config.yml --dep 
      ClimaAtmos.jl/src --dep ClimaCore.jl/src --dep ClimaCore.jl/ext --dep 
      Manifest.toml --out results/sample-device-df.csv -s --time=10 -s --gpus=1 
      -s --export=CLIMA_NAME_CUDA_KERNELS_FROM_STACK_TRACE=1 -- 
      scripts/run-julia-script.sh scripts/make_sample_device_df.jl
    deps:
    - path: ClimaAtmos.jl/config/default_configs/default_config.yml
      hash: md5
      md5: 03e3d7a6e07041b7e4814b37bfd4157d
      size: 21649
    - path: ClimaAtmos.jl/perf/benchmark_step.jl
      hash: md5
      md5: 54cbbac7f28b493da81debedd0d7096b
      size: 2090
    - path: ClimaAtmos.jl/src
      hash: md5
      md5: d699ef518ca66425601cfa9ea463d51d.dir
      size: 1288082
      nfiles: 99
    - path: ClimaCore.jl/ext
      hash: md5
      md5: 860e1aefacb002384c1abdd943c82826.dir
      size: 176165
      nfiles: 25
    - path: ClimaCore.jl/src
      hash: md5
      md5: b0de64db952f7e6e952df2c725e4b796.dir
      size: 1139391
      nfiles: 95
    - path: Manifest.toml
      hash: md5
      md5: 7e95ea3df8a49cced2ae7bc6037c9005
      size: 113965
    - path: scripts/run-julia-script.sh
      hash: md5
      md5: c9062f51f59b8584951da91e3007dcbf
      size: 322
    outs:
    - path: results/sample-device-df.csv
      hash: md5
      md5: 6b6ee94397b056b56013ce1d66658a5f
      size: 581378
  baseline-nsys:
    cmd: calkit scheduler batch --name baseline-nsys --environment clima --dep 
      scripts/run.jl --dep ClimaCoupler.jl/src --dep 
      ClimaCoupler.jl/config/benchmark_configs/amip_progedmf_1m_land_he16.yml 
      --dep ClimaCoupler.jl/experiments/AMIP/Manifest-v1.11.toml --dep 
      ClimaCoupler.jl/experiments/AMIP/code_loading.jl --dep ClimaCore.jl/ext 
      --dep ClimaCore.jl/src --dep ClimaCore.jl/lib --dep 
      .calkit/env-locks/clima --out results/nsys/baseline.nsys-rep --out 
      results/nsys/baseline.sqlite -- scripts/run-nsys.sh results/nsys/baseline 
      ClimaCoupler.jl/experiments/AMIP 
      ClimaCoupler.jl/config/benchmark_configs/amip_progedmf_1m_land_he16.yml
    deps:
    - path: .calkit/env-locks/clima
      hash: md5
      md5: 4a492b1cd086cf3c57903dc68d414c8c.dir
      size: 118
      nfiles: 1
    - path: ClimaCore.jl/ext
      hash: md5
      md5: 8b58fbb179c5772a7af17d09e58d7d35.dir
      size: 230629
      nfiles: 27
    - path: ClimaCore.jl/lib
      hash: md5
      md5: 5c8d819896714d4c699a816a70872cef.dir
      size: 316792
      nfiles: 58
    - path: ClimaCore.jl/src
      hash: md5
      md5: 18f4a96717d7313e4d824a821ae4e134.dir
      size: 1190132
      nfiles: 99
    - path: 
        ClimaCoupler.jl/config/benchmark_configs/amip_progedmf_1m_land_he16.yml
      hash: md5
      md5: 577bef53fd5c8e8eb2897c6d236dec53
      size: 461
    - path: ClimaCoupler.jl/experiments/AMIP/Manifest-v1.11.toml
      hash: md5
      md5: 7aeab739b47b19affeb1dfd35bdfb00e
      size: 130453
    - path: ClimaCoupler.jl/experiments/AMIP/code_loading.jl
      hash: md5
      md5: 0c072357ce169058667a15672376802e
      size: 905
    - path: ClimaCoupler.jl/src
      hash: md5
      md5: 4c9c6dca7b6283d56984986bda486ce0.dir
      size: 271126
      nfiles: 22
    - path: scripts/run-nsys.sh
      hash: md5
      md5: 1ba0c4e08fac5ab212acfffb394a8c7e
      size: 1589
    - path: scripts/run.jl
      hash: md5
      md5: 692eb3325cd4047e0bd92df834a40b68
      size: 1757
    outs:
    - path: .calkit/scheduler/logs/baseline-nsys.out
      hash: md5
      md5: 58d078ca2700fbbcb0ca53391a0c8b70
      size: 126890
    - path: results/nsys/baseline.nsys-rep
      hash: md5
      md5: 260fafce77cbd7243a10757e75c135ef
      size: 24576976
    - path: results/nsys/baseline.sqlite
      hash: md5
      md5: 0973989360c7ff9d2d2bc905432dbe42
      size: 52305920
  baseline-nsys-to-sqlite:
    cmd: ' bash --noprofile --norc -c "nsys export results/nsys/baseline.nsys-rep
      -t sqlite -o results/nsys/baseline.sqlite"'
    deps:
    - path: results/nsys/baseline.nsys-rep
      hash: md5
      md5: 84909e3c5d47bf6b810bf45fb58acf13
      size: 26515084
    outs:
    - path: results/nsys/baseline.sqlite
      hash: md5
      md5: 74c8a500a313b42d33b06d0055b287d4
      size: 54398976
  mod-nsys:
    cmd: calkit scheduler batch --name mod-nsys --environment clima --dep 
      scripts/run.jl --dep ClimaCoupler.jl-mod/src --dep 
      ClimaCoupler.jl-mod/config/benchmark_configs/amip_progedmf_1m_land_he16.yml
      --dep ClimaCoupler.jl-mod/experiments/AMIP/Manifest-v1.11.toml --dep 
      ClimaCoupler.jl-mod/experiments/AMIP/code_loading.jl --dep 
      ClimaCore.jl-mod/ext --dep ClimaCore.jl-mod/src --dep ClimaCore.jl-mod/lib
      --dep ClimaAtmos.jl-mod/src --dep CloudMicrophysics.jl-mod/src --dep 
      .calkit/env-locks/clima --out results/nsys/mod.nsys-rep --out 
      results/nsys/mod.sqlite -- scripts/run-nsys.sh results/nsys/mod 
      ClimaCoupler.jl-mod/experiments/AMIP 
      ClimaCoupler.jl-mod/config/benchmark_configs/amip_progedmf_1m_land_he16.yml
    deps:
    - path: .calkit/env-locks/clima
      hash: md5
      md5: 4a492b1cd086cf3c57903dc68d414c8c.dir
      size: 118
      nfiles: 1
    - path: ClimaAtmos.jl-mod/src
      hash: md5
      md5: 58c547851f08b388fa6802d32d624c00.dir
      size: 1470561
      nfiles: 134
    - path: ClimaCore.jl-mod/ext
      hash: md5
      md5: 8b58fbb179c5772a7af17d09e58d7d35.dir
      size: 230629
      nfiles: 27
    - path: ClimaCore.jl-mod/lib
      hash: md5
      md5: 5c8d819896714d4c699a816a70872cef.dir
      size: 316792
      nfiles: 58
    - path: ClimaCore.jl-mod/src
      hash: md5
      md5: 18f4a96717d7313e4d824a821ae4e134.dir
      size: 1190132
      nfiles: 99
    - path: 
        ClimaCoupler.jl-mod/config/benchmark_configs/amip_progedmf_1m_land_he16.yml
      hash: md5
      md5: 577bef53fd5c8e8eb2897c6d236dec53
      size: 461
    - path: ClimaCoupler.jl-mod/experiments/AMIP/Manifest-v1.11.toml
      hash: md5
      md5: ed5df4db4cbda2c64157633d8d1528ac
      size: 130445
    - path: ClimaCoupler.jl-mod/experiments/AMIP/code_loading.jl
      hash: md5
      md5: 0c072357ce169058667a15672376802e
      size: 905
    - path: ClimaCoupler.jl-mod/src
      hash: md5
      md5: 4c9c6dca7b6283d56984986bda486ce0.dir
      size: 271126
      nfiles: 22
    - path: CloudMicrophysics.jl-mod/src
      hash: md5
      md5: 7893fdca76b38eb95015f3a2931567a4.dir
      size: 332365
      nfiles: 55
    - path: scripts/run-nsys.sh
      hash: md5
      md5: 1ba0c4e08fac5ab212acfffb394a8c7e
      size: 1589
    - path: scripts/run.jl
      hash: md5
      md5: 692eb3325cd4047e0bd92df834a40b68
      size: 1757
    outs:
    - path: .calkit/scheduler/logs/mod-nsys.out
      hash: md5
      md5: 5ea491ccda91c28bf845f202011d7469
      size: 127331
    - path: results/nsys/mod.nsys-rep
      hash: md5
      md5: ba2cf12e0791e57dae8e3300cec1f124
      size: 24672510
    - path: results/nsys/mod.sqlite
      hash: md5
      md5: 97d03d93fc9b078da6ca6bfa78b1b8bd
      size: 52609024
  mod-nsys-to-sqlite:
    cmd: ' bash --noprofile --norc -c "nsys export results/nsys/mod.nsys-rep -t sqlite
      -o results/nsys/mod.sqlite"'
    deps:
    - path: results/nsys/mod.nsys-rep
      hash: md5
      md5: a608857b2de3be3b28096d0feaa55999
      size: 17033365
    outs:
    - path: results/nsys/mod.sqlite
      hash: md5
      md5: aed10d2fdcbb23f879a374eb7ffd2f7c
      size: 34992128
  baseline-ncu:
    cmd: calkit scheduler batch --name baseline-ncu --environment clima --dep 
      scripts/run.jl --dep ClimaCoupler.jl/src --dep 
      ClimaCoupler.jl/config/benchmark_configs/amip_progedmf_1m_land_he16.yml 
      --dep ClimaCoupler.jl/experiments/AMIP/Manifest-v1.11.toml --dep 
      ClimaCoupler.jl/experiments/AMIP/code_loading.jl --dep ClimaCore.jl/ext 
      --dep ClimaCore.jl/src --dep ClimaCore.jl/lib --dep ClimaAtmos.jl/src 
      --dep .calkit/env-locks/clima --out results/ncu/baseline.ncu-rep --out 
      results/ncu/baseline-details.csv -- scripts/run-ncu.sh 
      results/ncu/baseline --kernel-name 
      set_microphysics_tendency_cache__FILE_ClimaAtmos_jl_src_cache_microphysics_cache_jl_L1024
      --project ClimaCoupler.jl/experiments/AMIP --config 
      ClimaCoupler.jl/config/benchmark_configs/amip_progedmf_1m_land_he16.yml 
      --launch-skip 3 --launch-count 6
    deps:
    - path: .calkit/env-locks/clima
      hash: md5
      md5: 4a492b1cd086cf3c57903dc68d414c8c.dir
      size: 118
      nfiles: 1
    - path: ClimaAtmos.jl/src
      hash: md5
      md5: f61347b003e0c6fd476f7f14be54b6c4.dir
      size: 1468724
      nfiles: 134
    - path: ClimaCore.jl/ext
      hash: md5
      md5: 8b58fbb179c5772a7af17d09e58d7d35.dir
      size: 230629
      nfiles: 27
    - path: ClimaCore.jl/lib
      hash: md5
      md5: 5c8d819896714d4c699a816a70872cef.dir
      size: 316792
      nfiles: 58
    - path: ClimaCore.jl/src
      hash: md5
      md5: 18f4a96717d7313e4d824a821ae4e134.dir
      size: 1190132
      nfiles: 99
    - path: 
        ClimaCoupler.jl/config/benchmark_configs/amip_progedmf_1m_land_he16.yml
      hash: md5
      md5: 577bef53fd5c8e8eb2897c6d236dec53
      size: 461
    - path: ClimaCoupler.jl/experiments/AMIP/Manifest-v1.11.toml
      hash: md5
      md5: 7aeab739b47b19affeb1dfd35bdfb00e
      size: 130453
    - path: ClimaCoupler.jl/experiments/AMIP/code_loading.jl
      hash: md5
      md5: 0c072357ce169058667a15672376802e
      size: 905
    - path: ClimaCoupler.jl/src
      hash: md5
      md5: 4c9c6dca7b6283d56984986bda486ce0.dir
      size: 271126
      nfiles: 22
    - path: scripts/run-ncu.sh
      hash: md5
      md5: ed643db2227429f14fa16801028a9bf3
      size: 3185
    - path: scripts/run.jl
      hash: md5
      md5: 692eb3325cd4047e0bd92df834a40b68
      size: 1757
    outs:
    - path: .calkit/scheduler/logs/baseline-ncu.out
      hash: md5
      md5: d7aeb7ce421f0ece9dbc53f178cdb053
      size: 28180
    - path: results/ncu/baseline-details.csv
      hash: md5
      md5: b94904a5b77c7b4a68345ef8fb4163f2
      size: 151383
    - path: results/ncu/baseline.ncu-rep
      hash: md5
      md5: 010a0ea12a581a5e2b3538109941fabf
      size: 85229091
  baseline-ncu-details-csv:
    cmd: ' bash --noprofile --norc -c "ncu --csv -i results/ncu/baseline.ncu-rep --page
      details --log-file results/ncu/baseline-details.csv"'
    deps:
    - path: results/ncu/baseline.ncu-rep
      hash: md5
      md5: d4ede6fa4076c2eed2caa47f7e635664
      size: 10258397
    outs:
    - path: results/ncu/baseline-details.csv
      hash: md5
      md5: 319b5edf22519a4f02f389357a8e8760
      size: 182923
  summarize:
    cmd: calkit xenv -n py --no-check -- python scripts/summarize.py
    deps:
    - path: .calkit/env-locks/py
      hash: md5
      md5: cd569ef50836446fc837bb706d220836.dir
      size: 2090
      nfiles: 2
    - path: .calkit/scheduler/logs/amip-baseline.out
      hash: md5
      md5: 8aebb57c8ffc31d86a2a1a4745083b24
      size: 43020
    - path: .calkit/scheduler/logs/amip-mod.out
      hash: md5
      md5: 6c09cd5e7aa08b054a0253e7c5ee5cfb
      size: 43104
    - path: results/nsys/baseline.sqlite
      hash: md5
      md5: 0973989360c7ff9d2d2bc905432dbe42
      size: 52305920
    - path: results/nsys/mod.sqlite
      hash: md5
      md5: 97d03d93fc9b078da6ca6bfa78b1b8bd
      size: 52609024
    - path: scripts/summarize.py
      hash: md5
      md5: f8dda50a87d3635eaaa42feae31ed48f
      size: 2601
    outs:
    - path: results/summary.json
      hash: md5
      md5: 78495b6173bb65174c66d48bdd3da401
      size: 768
  mod-ncu:
    cmd: calkit scheduler batch --name mod-ncu --environment clima --dep 
      scripts/run.jl --dep ClimaCoupler.jl-mod/src --dep 
      ClimaCoupler.jl-mod/config/benchmark_configs/amip_progedmf_1m_land_he16.yml
      --dep ClimaCoupler.jl-mod/experiments/AMIP/Manifest-v1.11.toml --dep 
      ClimaCoupler.jl-mod/experiments/AMIP/code_loading.jl --dep 
      ClimaCore.jl-mod/ext --dep ClimaCore.jl-mod/src --dep ClimaCore.jl-mod/lib
      --dep ClimaAtmos.jl-mod/src --dep CloudMicrophysics.jl-mod/src --dep 
      .calkit/env-locks/clima --out results/ncu/mod.ncu-rep --out 
      results/ncu/mod-details.csv -- scripts/run-ncu.sh results/ncu/mod 
      --kernel-name 
      set_microphysics_tendency_cache__FILE_ClimaAtmos_jl_mod_src_cache_microphysics_cache_jl_L1024
      --project ClimaCoupler.jl-mod/experiments/AMIP --config 
      ClimaCoupler.jl-mod/config/benchmark_configs/amip_progedmf_1m_land_he16.yml
      --launch-skip 3 --launch-count 6
    deps:
    - path: .calkit/env-locks/clima
      hash: md5
      md5: 4a492b1cd086cf3c57903dc68d414c8c.dir
      size: 118
      nfiles: 1
    - path: ClimaAtmos.jl-mod/src
      hash: md5
      md5: 58c547851f08b388fa6802d32d624c00.dir
      size: 1470561
      nfiles: 134
    - path: ClimaCore.jl-mod/ext
      hash: md5
      md5: 8b58fbb179c5772a7af17d09e58d7d35.dir
      size: 230629
      nfiles: 27
    - path: ClimaCore.jl-mod/lib
      hash: md5
      md5: 5c8d819896714d4c699a816a70872cef.dir
      size: 316792
      nfiles: 58
    - path: ClimaCore.jl-mod/src
      hash: md5
      md5: 18f4a96717d7313e4d824a821ae4e134.dir
      size: 1190132
      nfiles: 99
    - path: 
        ClimaCoupler.jl-mod/config/benchmark_configs/amip_progedmf_1m_land_he16.yml
      hash: md5
      md5: 577bef53fd5c8e8eb2897c6d236dec53
      size: 461
    - path: ClimaCoupler.jl-mod/experiments/AMIP/Manifest-v1.11.toml
      hash: md5
      md5: ed5df4db4cbda2c64157633d8d1528ac
      size: 130445
    - path: ClimaCoupler.jl-mod/experiments/AMIP/code_loading.jl
      hash: md5
      md5: 0c072357ce169058667a15672376802e
      size: 905
    - path: ClimaCoupler.jl-mod/src
      hash: md5
      md5: 4c9c6dca7b6283d56984986bda486ce0.dir
      size: 271126
      nfiles: 22
    - path: CloudMicrophysics.jl-mod/src
      hash: md5
      md5: 7893fdca76b38eb95015f3a2931567a4.dir
      size: 332365
      nfiles: 55
    - path: scripts/run-ncu.sh
      hash: md5
      md5: ed643db2227429f14fa16801028a9bf3
      size: 3185
    - path: scripts/run.jl
      hash: md5
      md5: 692eb3325cd4047e0bd92df834a40b68
      size: 1757
    outs:
    - path: .calkit/scheduler/logs/mod-ncu.out
      hash: md5
      md5: 3d1791709c044427b197a54f067511a2
      size: 28321
    - path: results/ncu/mod-details.csv
      hash: md5
      md5: 1e0db10558664b321513dc68c00d4c98
      size: 153553
    - path: results/ncu/mod.ncu-rep
      hash: md5
      md5: 16af3c98caa669b83d176f872b32d267
      size: 85671571
  mod-ncu-details-csv:
    cmd: ' bash --noprofile --norc -c "ncu --csv -i results/ncu/mod.ncu-rep --page
      details --log-file results/ncu/mod-details.csv"'
    deps:
    - path: results/ncu/mod.ncu-rep
      hash: md5
      md5: 0997963dc413e542848982ecc84cc257
      size: 20161877
    outs:
    - path: results/ncu/mod-details.csv
      hash: md5
      md5: 1f8b255e5169e944afdbbe2650acd938
      size: 181165
  amip-baseline:
    cmd: calkit scheduler batch --name amip-baseline --environment clima --dep 
      ClimaCoupler.jl/experiments/AMIP/run_simulation.jl --dep 
      ClimaCoupler.jl/src --dep 
      ClimaCoupler.jl/config/benchmark_configs/amip_progedmf_1m_land_he16.yml 
      --dep ClimaCoupler.jl/experiments/AMIP/Manifest-v1.11.toml --dep 
      ClimaCoupler.jl/experiments/AMIP/code_loading.jl --dep ClimaCore.jl/ext 
      --dep ClimaCore.jl/src --dep ClimaCore.jl/lib --dep ClimaAtmos.jl/src 
      --dep ClimaAtmos.jl/toml --dep .calkit/env-locks/clima -- 
      scripts/run-julia-script.sh --project=ClimaCoupler.jl/experiments/AMIP 
      ClimaCoupler.jl/experiments/AMIP/run_simulation.jl --config_file 
      ClimaCoupler.jl/config/benchmark_configs/amip_progedmf_1m_land_he16.yml 
      --job_id gpu_amip_progedmf_1M_land_he16_baseline
    deps:
    - path: .calkit/env-locks/clima
      hash: md5
      md5: 4a492b1cd086cf3c57903dc68d414c8c.dir
      size: 118
      nfiles: 1
    - path: ClimaAtmos.jl/src
      hash: md5
      md5: f61347b003e0c6fd476f7f14be54b6c4.dir
      size: 1468724
      nfiles: 134
    - path: ClimaAtmos.jl/toml
      hash: md5
      md5: 954f09ba25ac6929602e6775fa49f138.dir
      size: 19069
      nfiles: 39
    - path: ClimaCore.jl/ext
      hash: md5
      md5: 8b58fbb179c5772a7af17d09e58d7d35.dir
      size: 230629
      nfiles: 27
    - path: ClimaCore.jl/lib
      hash: md5
      md5: 5c8d819896714d4c699a816a70872cef.dir
      size: 316792
      nfiles: 58
    - path: ClimaCore.jl/src
      hash: md5
      md5: 18f4a96717d7313e4d824a821ae4e134.dir
      size: 1190132
      nfiles: 99
    - path: 
        ClimaCoupler.jl/config/benchmark_configs/amip_progedmf_1m_land_he16.yml
      hash: md5
      md5: 577bef53fd5c8e8eb2897c6d236dec53
      size: 461
    - path: ClimaCoupler.jl/experiments/AMIP/Manifest-v1.11.toml
      hash: md5
      md5: 7aeab739b47b19affeb1dfd35bdfb00e
      size: 130453
    - path: ClimaCoupler.jl/experiments/AMIP/code_loading.jl
      hash: md5
      md5: 0c072357ce169058667a15672376802e
      size: 905
    - path: ClimaCoupler.jl/experiments/AMIP/run_simulation.jl
      hash: md5
      md5: 4f9113db3580369baad460d2e59b04b1
      size: 2329
    - path: ClimaCoupler.jl/src
      hash: md5
      md5: 4c9c6dca7b6283d56984986bda486ce0.dir
      size: 271126
      nfiles: 22
    - path: scripts/run-julia-script.sh
      hash: md5
      md5: c982c866ef1cd9cab26d7c5b78a4224b
      size: 560
    outs:
    - path: .calkit/scheduler/logs/amip-baseline.out
      hash: md5
      md5: 8aebb57c8ffc31d86a2a1a4745083b24
      size: 43020
  amip-mod:
    cmd: calkit scheduler batch --name amip-mod --environment clima --dep 
      ClimaCoupler.jl-mod/experiments/AMIP/run_simulation.jl --dep 
      ClimaCoupler.jl-mod/src --dep 
      ClimaCoupler.jl-mod/config/benchmark_configs/amip_progedmf_1m_land_he16.yml
      --dep ClimaCoupler.jl-mod/experiments/AMIP/Manifest-v1.11.toml --dep 
      ClimaCoupler.jl-mod/experiments/AMIP/code_loading.jl --dep 
      ClimaCore.jl-mod/ext --dep ClimaCore.jl-mod/src --dep ClimaCore.jl-mod/lib
      --dep ClimaAtmos.jl-mod/src --dep ClimaAtmos.jl-mod/toml --dep 
      CloudMicrophysics.jl-mod/src --dep .calkit/env-locks/clima -- 
      scripts/run-julia-script.sh --project=ClimaCoupler.jl-mod/experiments/AMIP
      ClimaCoupler.jl-mod/experiments/AMIP/run_simulation.jl --config_file 
      ClimaCoupler.jl-mod/config/benchmark_configs/amip_progedmf_1m_land_he16.yml
      --job_id gpu_amip_progedmf_1M_land_he16_mod
    deps:
    - path: .calkit/env-locks/clima
      hash: md5
      md5: 4a492b1cd086cf3c57903dc68d414c8c.dir
      size: 118
      nfiles: 1
    - path: ClimaAtmos.jl-mod/src
      hash: md5
      md5: 58c547851f08b388fa6802d32d624c00.dir
      size: 1470561
      nfiles: 134
    - path: ClimaAtmos.jl-mod/toml
      hash: md5
      md5: 954f09ba25ac6929602e6775fa49f138.dir
      size: 19069
      nfiles: 39
    - path: ClimaCore.jl-mod/ext
      hash: md5
      md5: 8b58fbb179c5772a7af17d09e58d7d35.dir
      size: 230629
      nfiles: 27
    - path: ClimaCore.jl-mod/lib
      hash: md5
      md5: 5c8d819896714d4c699a816a70872cef.dir
      size: 316792
      nfiles: 58
    - path: ClimaCore.jl-mod/src
      hash: md5
      md5: 18f4a96717d7313e4d824a821ae4e134.dir
      size: 1190132
      nfiles: 99
    - path: 
        ClimaCoupler.jl-mod/config/benchmark_configs/amip_progedmf_1m_land_he16.yml
      hash: md5
      md5: 577bef53fd5c8e8eb2897c6d236dec53
      size: 461
    - path: ClimaCoupler.jl-mod/experiments/AMIP/Manifest-v1.11.toml
      hash: md5
      md5: ed5df4db4cbda2c64157633d8d1528ac
      size: 130445
    - path: ClimaCoupler.jl-mod/experiments/AMIP/code_loading.jl
      hash: md5
      md5: 0c072357ce169058667a15672376802e
      size: 905
    - path: ClimaCoupler.jl-mod/experiments/AMIP/run_simulation.jl
      hash: md5
      md5: 4f9113db3580369baad460d2e59b04b1
      size: 2329
    - path: ClimaCoupler.jl-mod/src
      hash: md5
      md5: 4c9c6dca7b6283d56984986bda486ce0.dir
      size: 271126
      nfiles: 22
    - path: CloudMicrophysics.jl-mod/src
      hash: md5
      md5: 7893fdca76b38eb95015f3a2931567a4.dir
      size: 332365
      nfiles: 55
    - path: scripts/run-julia-script.sh
      hash: md5
      md5: c982c866ef1cd9cab26d7c5b78a4224b
      size: 560
    outs:
    - path: .calkit/scheduler/logs/amip-mod.out
      hash: md5
      md5: 6c09cd5e7aa08b054a0253e7c5ee5cfb
      size: 43104
  make-diffs:
    cmd: bash --noprofile --norc scripts/make-diffs.sh
    deps:
    - path: ClimaAtmos.jl
      hash: md5
      md5: 267c9f26ca37d76083d1924a4a65fa85.dir
      size: 5204850
      nfiles: 514
    - path: ClimaAtmos.jl-mod
      hash: md5
      md5: bb812b7c5b1432827284d0f9462006a8.dir
      size: 5134111
      nfiles: 513
    - path: ClimaCore.jl
      hash: md5
      md5: 7f5b7b41e6065cc03f0cc648ebe6c7ac.dir
      size: 4768714
      nfiles: 555
    - path: ClimaCore.jl-mod
      hash: md5
      md5: 119c5e5eaf690acef15c860dbab3e9f5.dir
      size: 4796549
      nfiles: 556
    - path: ClimaCoupler.jl
      hash: md5
      md5: 2199aa0301d47fb56fbb1268cb4f7c11.dir
      size: 7961151
      nfiles: 229
    - path: ClimaCoupler.jl-mod
      hash: md5
      md5: 0f4b563d21dff8b7a3e6a8307d3d0e1d.dir
      size: 7792401
      nfiles: 225
    - path: scripts/make-diffs.sh
      hash: md5
      md5: d494b81a43c7fd379533d6cb3398a97a
      size: 1134
      isexec: true
    outs:
    - path: diffs
      hash: md5
      md5: c5efb2cd53eff635d747092fa77e8f1f.dir
      size: 8547
      nfiles: 4
  compare-kernels:
    cmd: calkit nb execute --environment py --no-check --to html 
      "notebooks/compare-kernels.ipynb"
    deps:
    - path: .calkit/env-locks/py
      hash: md5
      md5: cd569ef50836446fc837bb706d220836.dir
      size: 2090
      nfiles: 2
    - path: .calkit/notebooks/cleaned/notebooks/compare-kernels.ipynb
      hash: md5
      md5: ce8bfbd0b563f0a70634c5a1103e55b1
      size: 38742
    - path: .calkit/scheduler/logs/baseline-nsys.out
      hash: md5
      md5: 58d078ca2700fbbcb0ca53391a0c8b70
      size: 126890
    - path: .calkit/scheduler/logs/mod-nsys.out
      hash: md5
      md5: 5ea491ccda91c28bf845f202011d7469
      size: 127331
    - path: results/nsys/baseline.nsys-rep
      hash: md5
      md5: 260fafce77cbd7243a10757e75c135ef
      size: 24576976
    - path: results/nsys/baseline.sqlite
      hash: md5
      md5: 0973989360c7ff9d2d2bc905432dbe42
      size: 52305920
    - path: results/nsys/mod.nsys-rep
      hash: md5
      md5: ba2cf12e0791e57dae8e3300cec1f124
      size: 24672510
    - path: results/nsys/mod.sqlite
      hash: md5
      md5: 97d03d93fc9b078da6ca6bfa78b1b8bd
      size: 52609024
    outs:
    - path: .calkit/notebooks/executed/notebooks/compare-kernels.ipynb
      hash: md5
      md5: c5de05d48462e62462628ded1068876b
      size: 55098
    - path: .calkit/notebooks/html/notebooks/compare-kernels.html
      hash: md5
      md5: 1fb48c32447bbadf17c020d2b4dc6870
      size: 405559
  analyze-logs:
    cmd: calkit nb execute --environment py --no-check --to html 
      "notebooks/analyze-logs.ipynb"
    deps:
    - path: .calkit/env-locks/py
      hash: md5
      md5: cd569ef50836446fc837bb706d220836.dir
      size: 2090
      nfiles: 2
    - path: .calkit/notebooks/cleaned/notebooks/analyze-logs.ipynb
      hash: md5
      md5: 9bfba0ff6596ff9ceaeb88dcd5128804
      size: 2351
    - path: .calkit/scheduler/logs/amip-baseline.out
      hash: md5
      md5: 8aebb57c8ffc31d86a2a1a4745083b24
      size: 43020
    - path: .calkit/scheduler/logs/amip-mod.out
      hash: md5
      md5: 6c09cd5e7aa08b054a0253e7c5ee5cfb
      size: 43104
    outs:
    - path: .calkit/notebooks/executed/notebooks/analyze-logs.ipynb
      hash: md5
      md5: 7d107e9fb73c400fc8d4d98565980061
      size: 53054
    - path: .calkit/notebooks/html/notebooks/analyze-logs.html
      hash: md5
      md5: ff5c96c7f46da44513c269df334fed18
      size: 334411
    - path: figures/sypd-time-series.png
      hash: md5
      md5: 6c773bbb9aaa1a3daa730b4019808768
      size: 37199
