schema: '2.0'
stages:
  baro-43-clima-nsys:
    cmd: calkit slurm batch --name baro-43-clima-nsys --environment clima --dep 
      ClimaAtmos.jl/perf/benchmark_step.jl --dep 
      ClimaAtmos.jl/config/default_configs/default_config.yml --dep 
      ClimaAtmos.jl/config/common_configs/numerics_sphere_he30ze43.yml --dep 
      ClimaAtmos.jl/config/perf_configs/bm_baroclinic_wave_moist.yml --dep 
      ClimaAtmos.jl/src --dep ClimaCore.jl/src --dep ClimaCore.jl/ext --dep 
      Project.toml --out nsys-outputs/baroclinic-wave-moist-43.nsys-rep -s 
      --gpus=1 -s --time=30 -s 
      --export=CLIMA_NAME_CUDA_KERNELS_FROM_STACK_TRACE=1 -- 
      scripts/run-nsys-clima.sh nsys-outputs/baroclinic-wave-moist-43 
      ClimaAtmos.jl/config/common_configs/numerics_sphere_he30ze43.yml 
      ClimaAtmos.jl/config/perf_configs/bm_baroclinic_wave_moist.yml
    deps:
    - path: ClimaAtmos.jl/config/common_configs/numerics_sphere_he30ze43.yml
      hash: md5
      md5: 76ca6ff32db8dfb1099f5fe9f9638115
      size: 158
    - path: ClimaAtmos.jl/config/default_configs/default_config.yml
      hash: md5
      md5: 03e3d7a6e07041b7e4814b37bfd4157d
      size: 21649
    - path: ClimaAtmos.jl/config/perf_configs/bm_baroclinic_wave_moist.yml
      hash: md5
      md5: 7f7ceeac2a160e76a7264481dc1e4f5c
      size: 200
    - path: ClimaAtmos.jl/perf/benchmark_step.jl
      hash: md5
      md5: 74030ed2adcccb7fa1e03f5ea5e05080
      size: 2957
    - path: ClimaAtmos.jl/src
      hash: md5
      md5: 7aaaf06bbf61b849ad46aa8b16d1ac82.dir
      size: 1283330
      nfiles: 99
    - path: ClimaCore.jl/ext
      hash: md5
      md5: fd7acdc3243d8ee7a1743c1b6bd1d202.dir
      size: 174077
      nfiles: 25
    - path: ClimaCore.jl/src
      hash: md5
      md5: 848ce4416ff81e9c0ec17742fdb354d0.dir
      size: 1142299
      nfiles: 95
    - path: Project.toml
      hash: md5
      md5: b375627b3572bdffc6624d472385ed74
      size: 2266
    - path: scripts/run-nsys-clima.sh
      hash: md5
      md5: 28fbf3762b56964c50590bba3485ae1b
      size: 1466
    outs:
    - path: nsys-outputs/baroclinic-wave-moist-43.nsys-rep
      hash: md5
      md5: 42dd4ae96a8f35e6c0009a1ca1838b0d
      size: 2286971
  baro-63-clima-nsys:
    cmd: calkit slurm batch --name baro-63-clima-nsys --environment clima --dep 
      ClimaAtmos.jl/perf/benchmark_step_gpu.jl --dep 
      ClimaAtmos.jl/config/default_configs/default_config.yml --dep 
      config/numerics_sphere_he30ze63.yml --dep 
      ClimaAtmos.jl/config/perf_configs/bm_baroclinic_wave_moist.yml --dep 
      ClimaAtmos.jl/src --dep ClimaCore.jl/src --dep Project.toml --out 
      nsys-outputs/baroclinic-wave-moist-63.nsys-rep -s --gpus=1 -s --time=60 --
      scripts/run-nsys-clima.sh nsys-outputs/baroclinic-wave-moist-63 
      config/numerics_sphere_he30ze63.yml 
      ClimaAtmos.jl/config/perf_configs/bm_baroclinic_wave_moist.yml
    deps:
    - path: ClimaAtmos.jl/config/default_configs/default_config.yml
      hash: md5
      md5: dd13641c442bf75c923926f613f3a809
      size: 20378
    - path: ClimaAtmos.jl/config/perf_configs/bm_baroclinic_wave_moist.yml
      hash: md5
      md5: 7f7ceeac2a160e76a7264481dc1e4f5c
      size: 200
    - path: ClimaAtmos.jl/perf/benchmark_step_gpu.jl
      hash: md5
      md5: 40a9c1a4399f8990ec1cc81d43867b73
      size: 1688
    - path: ClimaAtmos.jl/src
      hash: md5
      md5: b5c1c179760ce26ff6a6ffbcf72d6a15.dir
      size: 1223571
      nfiles: 97
    - path: ClimaCore.jl/src
      hash: md5
      md5: 3ea59b040e8efc872b0c3c9bfe617f79.dir
      size: 1141968
      nfiles: 95
    - path: Project.toml
      hash: md5
      md5: d3a9216cb6e0ce1d494600d8076fcc36
      size: 2117
    - path: config/numerics_sphere_he30ze63.yml
      hash: md5
      md5: ef30c62c0b539d5db989eb92be533bb8
      size: 158
    - path: scripts/run-nsys-clima.sh
      hash: md5
      md5: 0fa8b0124e0d52d1f63b7af21958a0f9
      size: 1318
    outs:
    - path: nsys-outputs/baroclinic-wave-moist-63.nsys-rep
      hash: md5
      md5: 0fdf79dcb9e8196a5fd69ec4efdb404e
      size: 2418809
  amip-clima-nsys:
    cmd: calkit slurm batch --name amip-clima-nsys --environment clima --dep 
      ClimaAtmos.jl/perf/benchmark_step.jl --dep ClimaAtmos.jl/perf/common.jl 
      --dep ClimaAtmos.jl/config/default_configs/default_config.yml --dep 
      ClimaAtmos.jl/config/common_configs/numerics_sphere_he30ze63.yml --dep 
      config/amip_target_edonly.yml --dep 
      ClimaAtmos.jl/toml/longrun_aquaplanet.toml --dep ClimaAtmos.jl/src --dep 
      ClimaCore.jl/src --dep ClimaCore.jl/ext --dep Project.toml --dep 
      GPUCompiler.jl/src --out nsys-outputs/amip-target-edonly-63.nsys-rep -s 
      --gpus=1 -s --time=240 -s 
      --export=CLIMA_NAME_CUDA_KERNELS_FROM_STACK_TRACE=1 -- 
      scripts/run-nsys-clima.sh nsys-outputs/amip-target-edonly-63 
      ClimaAtmos.jl/config/common_configs/numerics_sphere_he30ze63.yml 
      config/amip_target_edonly.yml
    deps:
    - path: ClimaAtmos.jl/config/common_configs/numerics_sphere_he30ze63.yml
      hash: md5
      md5: 7e347e86d22cc0c3d1fdc3b9bc12640b
      size: 260
    - path: ClimaAtmos.jl/config/default_configs/default_config.yml
      hash: md5
      md5: 03e3d7a6e07041b7e4814b37bfd4157d
      size: 21649
    - path: ClimaAtmos.jl/perf/benchmark_step.jl
      hash: md5
      md5: 74030ed2adcccb7fa1e03f5ea5e05080
      size: 2957
    - path: ClimaAtmos.jl/perf/common.jl
      hash: md5
      md5: b30579005da2eb15bdf39fd73262afb4
      size: 1265
    - path: ClimaAtmos.jl/src
      hash: md5
      md5: 7aaaf06bbf61b849ad46aa8b16d1ac82.dir
      size: 1283330
      nfiles: 99
    - path: ClimaAtmos.jl/toml/longrun_aquaplanet.toml
      hash: md5
      md5: fe0afbe3ff59d7ba0c437259798ba7f7
      size: 99
    - path: ClimaCore.jl/ext
      hash: md5
      md5: fd7acdc3243d8ee7a1743c1b6bd1d202.dir
      size: 174077
      nfiles: 25
    - path: ClimaCore.jl/src
      hash: md5
      md5: 848ce4416ff81e9c0ec17742fdb354d0.dir
      size: 1142299
      nfiles: 95
    - path: GPUCompiler.jl/src
      hash: md5
      md5: 327ea8b6b798e1d21f99850c75530d55.dir
      size: 277451
      nfiles: 24
    - path: Project.toml
      hash: md5
      md5: b375627b3572bdffc6624d472385ed74
      size: 2266
    - path: config/amip_target_edonly.yml
      hash: md5
      md5: baca48773722a0848ee32bca9e2775a2
      size: 569
    - path: scripts/run-nsys-clima.sh
      hash: md5
      md5: 28fbf3762b56964c50590bba3485ae1b
      size: 1466
    outs:
    - path: nsys-outputs/amip-target-edonly-63.nsys-rep
      hash: md5
      md5: cd221f09cf55a715d278033ae5bd4fab
      size: 3957644
  amip-clima-ncu:
    cmd: calkit slurm batch --name amip-clima-ncu --environment clima --dep 
      ClimaAtmos.jl/perf/benchmark_step_gpu.jl --dep 
      ClimaAtmos.jl/config/default_configs/default_config.yml --dep 
      ClimaAtmos.jl/config/common_configs/numerics_sphere_he30ze63.yml --dep 
      config/amip_target_edonly.yml --dep 
      ClimaAtmos.jl/toml/longrun_aquaplanet.toml --dep ClimaAtmos.jl/src --dep 
      ClimaCore.jl/src --dep Project.toml --out 
      ncu-outputs/amip-target-edonly-63.ncu-rep -s --gpus=1 -s --time=240 -- 
      scripts/run-ncu-clima.sh ncu-outputs/amip-target-edonly-63 --config 
      ClimaAtmos.jl/config/common_configs/numerics_sphere_he30ze63.yml --config 
      config/amip_target_edonly.yml --kernel-name copyto_stencil_kernel_ 
      --launch-skip 0 --launch-count 20
    deps:
    - path: ClimaAtmos.jl/config/common_configs/numerics_sphere_he30ze63.yml
      hash: md5
      md5: 7e347e86d22cc0c3d1fdc3b9bc12640b
      size: 260
    - path: ClimaAtmos.jl/config/default_configs/default_config.yml
      hash: md5
      md5: dd13641c442bf75c923926f613f3a809
      size: 20378
    - path: ClimaAtmos.jl/perf/benchmark_step_gpu.jl
      hash: md5
      md5: 40a9c1a4399f8990ec1cc81d43867b73
      size: 1688
    - path: ClimaAtmos.jl/src
      hash: md5
      md5: b5c1c179760ce26ff6a6ffbcf72d6a15.dir
      size: 1223571
      nfiles: 97
    - path: ClimaAtmos.jl/toml/longrun_aquaplanet.toml
      hash: md5
      md5: fe0afbe3ff59d7ba0c437259798ba7f7
      size: 99
    - path: ClimaCore.jl/src
      hash: md5
      md5: 3ea59b040e8efc872b0c3c9bfe617f79.dir
      size: 1141968
      nfiles: 95
    - path: Project.toml
      hash: md5
      md5: d3a9216cb6e0ce1d494600d8076fcc36
      size: 2117
    - path: config/amip_target_edonly.yml
      hash: md5
      md5: baca48773722a0848ee32bca9e2775a2
      size: 569
    - path: scripts/run-ncu-clima.sh
      hash: md5
      md5: 8200734c6f800a8d0d3cf47b945acdd1
      size: 2813
    outs:
    - path: ncu-outputs/amip-target-edonly-63.ncu-rep
      hash: md5
      md5: d448dc77d10217f115825a16f1c780cb
      size: 23488944
  amip-ncu-update-jacobian:
    cmd: calkit slurm batch --name amip-ncu-update-jacobian --environment clima 
      --dep ClimaAtmos.jl/perf/benchmark_step_gpu.jl --dep 
      ClimaAtmos.jl/perf/common.jl --dep 
      ClimaAtmos.jl/config/default_configs/default_config.yml --dep 
      ClimaAtmos.jl/config/common_configs/numerics_sphere_he30ze63.yml --dep 
      config/amip_target_edonly.yml --dep 
      ClimaAtmos.jl/toml/longrun_aquaplanet.toml --dep ClimaAtmos.jl/src --dep 
      ClimaCore.jl/src --dep Project.toml --out 
      ncu-outputs/amip-update-jacobian-kernel.ncu-rep -s --gpus=1 -s --time=240 
      -- scripts/run-ncu-amip-update-jacobian.sh
    deps:
    - path: ClimaAtmos.jl/config/common_configs/numerics_sphere_he30ze63.yml
      hash: md5
      md5: 7e347e86d22cc0c3d1fdc3b9bc12640b
      size: 260
    - path: ClimaAtmos.jl/config/default_configs/default_config.yml
      hash: md5
      md5: dd13641c442bf75c923926f613f3a809
      size: 20378
    - path: ClimaAtmos.jl/perf/benchmark_step_gpu.jl
      hash: md5
      md5: 5ff6a0167ef258b715491d6af3e6f669
      size: 1744
    - path: ClimaAtmos.jl/perf/common.jl
      hash: md5
      md5: b30579005da2eb15bdf39fd73262afb4
      size: 1265
    - path: ClimaAtmos.jl/src
      hash: md5
      md5: b5c1c179760ce26ff6a6ffbcf72d6a15.dir
      size: 1223571
      nfiles: 97
    - path: ClimaAtmos.jl/toml/longrun_aquaplanet.toml
      hash: md5
      md5: fe0afbe3ff59d7ba0c437259798ba7f7
      size: 99
    - path: ClimaCore.jl/src
      hash: md5
      md5: 3ea59b040e8efc872b0c3c9bfe617f79.dir
      size: 1141968
      nfiles: 95
    - path: Project.toml
      hash: md5
      md5: b375627b3572bdffc6624d472385ed74
      size: 2266
    - path: config/amip_target_edonly.yml
      hash: md5
      md5: baca48773722a0848ee32bca9e2775a2
      size: 569
    - path: scripts/run-ncu-amip-update-jacobian.sh
      hash: md5
      md5: fbf1b3c1f45a97d3e4acbc7f50e44666
      size: 1089
    outs:
    - path: ncu-outputs/amip-update-jacobian-kernel.ncu-rep
      hash: md5
      md5: f3e70e423b1cc63e05e7434272fb772a
      size: 138823613
  baro-43-clima-nsys-orig:
    cmd: calkit slurm batch --name baro-43-clima-nsys-orig --environment clima 
      --dep ClimaAtmos.jl/perf/benchmark_step.jl --dep 
      ClimaAtmos.jl/config/default_configs/default_config.yml --dep 
      ClimaAtmos.jl/config/common_configs/numerics_sphere_he30ze43.yml --dep 
      ClimaAtmos.jl/config/perf_configs/bm_baroclinic_wave_moist.yml --dep 
      ClimaAtmos.jl/src --dep ClimaCore.jl/src --dep ClimaCore.jl/ext --dep 
      Project.toml --out nsys-outputs/baroclinic-wave-moist-43-orig.nsys-rep -s 
      --gpus=1 -s --time=30 -s 
      --export=CLIMA_NAME_CUDA_KERNELS_FROM_STACK_TRACE=0 -- 
      scripts/run-nsys-clima.sh nsys-outputs/baroclinic-wave-moist-43-orig 
      ClimaAtmos.jl/config/common_configs/numerics_sphere_he30ze43.yml 
      ClimaAtmos.jl/config/perf_configs/bm_baroclinic_wave_moist.yml
    deps:
    - path: ClimaAtmos.jl/config/common_configs/numerics_sphere_he30ze43.yml
      hash: md5
      md5: 76ca6ff32db8dfb1099f5fe9f9638115
      size: 158
    - path: ClimaAtmos.jl/config/default_configs/default_config.yml
      hash: md5
      md5: 5e5e1f769ecb024cadb7a06839f061f8
      size: 21469
    - path: ClimaAtmos.jl/config/perf_configs/bm_baroclinic_wave_moist.yml
      hash: md5
      md5: 7f7ceeac2a160e76a7264481dc1e4f5c
      size: 200
    - path: ClimaAtmos.jl/perf/benchmark_step.jl
      hash: md5
      md5: 068aab1bd8423af3ff23dc1c2e4f4b91
      size: 2764
    - path: ClimaAtmos.jl/src
      hash: md5
      md5: f478e1d5c54df106ec96bf6f1dee7e26.dir
      size: 1266366
      nfiles: 97
    - path: ClimaCore.jl/ext
      hash: md5
      md5: c8cb6da5edf8ccf84371f4db69ba906c.dir
      size: 174052
      nfiles: 25
    - path: ClimaCore.jl/src
      hash: md5
      md5: 848ce4416ff81e9c0ec17742fdb354d0.dir
      size: 1142299
      nfiles: 95
    - path: Project.toml
      hash: md5
      md5: b375627b3572bdffc6624d472385ed74
      size: 2266
    - path: scripts/run-nsys-clima.sh
      hash: md5
      md5: 28fbf3762b56964c50590bba3485ae1b
      size: 1466
    outs:
    - path: nsys-outputs/baroclinic-wave-moist-43-orig.nsys-rep
      hash: md5
      md5: e6732ab0baab1720f024fc2f019efb00
      size: 2335573
  amip-clima-nsys-orig:
    cmd: calkit slurm batch --name amip-clima-nsys-orig --environment clima 
      --dep ClimaAtmos.jl/perf/benchmark_step.jl --dep 
      ClimaAtmos.jl/perf/common.jl --dep 
      ClimaAtmos.jl/config/default_configs/default_config.yml --dep 
      ClimaAtmos.jl/config/common_configs/numerics_sphere_he30ze63.yml --dep 
      config/amip_target_edonly.yml --dep 
      ClimaAtmos.jl/toml/longrun_aquaplanet.toml --dep ClimaAtmos.jl/src --dep 
      ClimaCore.jl/src --dep Project.toml --dep GPUCompiler.jl/src --out 
      nsys-outputs/amip-target-edonly-63-orig.nsys-rep -s --gpus=1 -s --time=240
      -s --export=CLIMA_NAME_CUDA_KERNELS_FROM_STACK_TRACE=0 -- 
      scripts/run-nsys-clima.sh nsys-outputs/amip-target-edonly-63-orig 
      ClimaAtmos.jl/config/common_configs/numerics_sphere_he30ze63.yml 
      config/amip_target_edonly.yml
    deps:
    - path: ClimaAtmos.jl/config/common_configs/numerics_sphere_he30ze63.yml
      hash: md5
      md5: 7e347e86d22cc0c3d1fdc3b9bc12640b
      size: 260
    - path: ClimaAtmos.jl/config/default_configs/default_config.yml
      hash: md5
      md5: 03e3d7a6e07041b7e4814b37bfd4157d
      size: 21649
    - path: ClimaAtmos.jl/perf/benchmark_step.jl
      hash: md5
      md5: 74030ed2adcccb7fa1e03f5ea5e05080
      size: 2957
    - path: ClimaAtmos.jl/perf/common.jl
      hash: md5
      md5: b30579005da2eb15bdf39fd73262afb4
      size: 1265
    - path: ClimaAtmos.jl/src
      hash: md5
      md5: 7aaaf06bbf61b849ad46aa8b16d1ac82.dir
      size: 1283330
      nfiles: 99
    - path: ClimaAtmos.jl/toml/longrun_aquaplanet.toml
      hash: md5
      md5: fe0afbe3ff59d7ba0c437259798ba7f7
      size: 99
    - path: ClimaCore.jl/src
      hash: md5
      md5: 848ce4416ff81e9c0ec17742fdb354d0.dir
      size: 1142299
      nfiles: 95
    - path: GPUCompiler.jl/src
      hash: md5
      md5: 327ea8b6b798e1d21f99850c75530d55.dir
      size: 277451
      nfiles: 24
    - path: Project.toml
      hash: md5
      md5: b375627b3572bdffc6624d472385ed74
      size: 2266
    - path: config/amip_target_edonly.yml
      hash: md5
      md5: baca48773722a0848ee32bca9e2775a2
      size: 569
    - path: scripts/run-nsys-clima.sh
      hash: md5
      md5: 28fbf3762b56964c50590bba3485ae1b
      size: 1466
    outs:
    - path: nsys-outputs/amip-target-edonly-63-orig.nsys-rep
      hash: md5
      md5: 01e790fb062467ec3306b18b010937d4
      size: 3887617
  make-sample-device-df:
    cmd: calkit slurm batch --name make-sample-device-df --environment clima 
      --dep ClimaAtmos.jl/perf/benchmark_step.jl --dep 
      ClimaAtmos.jl/config/default_configs/default_config.yml --dep 
      ClimaAtmos.jl/src --dep ClimaCore.jl/src --dep ClimaCore.jl/ext --dep 
      Manifest.toml --out results/sample-device-df.csv -s --time=10 -s --gpus=1 
      -s --export=CLIMA_NAME_CUDA_KERNELS_FROM_STACK_TRACE=1 -- 
      scripts/run-julia-script.sh scripts/make_sample_device_df.jl
    deps:
    - path: ClimaAtmos.jl/config/default_configs/default_config.yml
      hash: md5
      md5: 03e3d7a6e07041b7e4814b37bfd4157d
      size: 21649
    - path: ClimaAtmos.jl/perf/benchmark_step.jl
      hash: md5
      md5: 54cbbac7f28b493da81debedd0d7096b
      size: 2090
    - path: ClimaAtmos.jl/src
      hash: md5
      md5: d699ef518ca66425601cfa9ea463d51d.dir
      size: 1288082
      nfiles: 99
    - path: ClimaCore.jl/ext
      hash: md5
      md5: 860e1aefacb002384c1abdd943c82826.dir
      size: 176165
      nfiles: 25
    - path: ClimaCore.jl/src
      hash: md5
      md5: b0de64db952f7e6e952df2c725e4b796.dir
      size: 1139391
      nfiles: 95
    - path: Manifest.toml
      hash: md5
      md5: 7e95ea3df8a49cced2ae7bc6037c9005
      size: 113965
    - path: scripts/run-julia-script.sh
      hash: md5
      md5: c9062f51f59b8584951da91e3007dcbf
      size: 322
    outs:
    - path: results/sample-device-df.csv
      hash: md5
      md5: 6b6ee94397b056b56013ce1d66658a5f
      size: 581378
  baseline-nsys:
    cmd: calkit scheduler batch --name baseline-nsys --environment clima --dep 
      scripts/run.jl --dep ClimaCoupler.jl/src --dep 
      ClimaCoupler.jl/config/benchmark_configs/amip_progedmf_1m_land_he16.yml 
      --dep ClimaCoupler.jl/experiments/AMIP/Manifest-v1.11.toml --dep 
      ClimaCoupler.jl/experiments/AMIP/code_loading.jl --dep ClimaCore.jl/ext 
      --dep ClimaCore.jl/src --dep ClimaCore.jl/lib --dep ClimaAtmos.jl/src 
      --dep .calkit/env-locks/clima --out results/nsys/baseline.nsys-rep --out 
      results/nsys/baseline.sqlite -- scripts/run-nsys.sh results/nsys/baseline 
      ClimaCoupler.jl/experiments/AMIP 
      ClimaCoupler.jl/config/benchmark_configs/amip_progedmf_1m_land_he16.yml
    deps:
    - path: .calkit/env-locks/clima
      hash: md5
      md5: 4a492b1cd086cf3c57903dc68d414c8c.dir
      size: 118
      nfiles: 1
    - path: ClimaAtmos.jl/src
      hash: md5
      md5: ff530181c1fdbf8183519e3898d05f88.dir
      size: 2063022
      nfiles: 150
    - path: ClimaCore.jl/ext
      hash: md5
      md5: c2c02dc4979ca865fa58f72d2b09f0b9.dir
      size: 169255
      nfiles: 21
    - path: ClimaCore.jl/lib
      hash: md5
      md5: fb89a9e72bfd0eeea67839c9ee491d31.dir
      size: 315791
      nfiles: 58
    - path: ClimaCore.jl/src
      hash: md5
      md5: 738679dca2d1623bb3148a76ac32eb38.dir
      size: 1154883
      nfiles: 101
    - path: 
        ClimaCoupler.jl/config/benchmark_configs/amip_progedmf_1m_land_he16.yml
      hash: md5
      md5: 577bef53fd5c8e8eb2897c6d236dec53
      size: 461
    - path: ClimaCoupler.jl/experiments/AMIP/Manifest-v1.11.toml
      hash: md5
      md5: 9e753c71ef71e93e0389a8ada7b51dfe
      size: 122428
    - path: ClimaCoupler.jl/experiments/AMIP/code_loading.jl
      hash: md5
      md5: 0c072357ce169058667a15672376802e
      size: 905
    - path: ClimaCoupler.jl/src
      hash: md5
      md5: 6283b918bd216fac7539b492b22bc175.dir
      size: 305993
      nfiles: 22
    - path: scripts/run-nsys.sh
      hash: md5
      md5: d7bdb9eab2fe3f2124e6c21273de727b
      size: 2062
    - path: scripts/run.jl
      hash: md5
      md5: 692eb3325cd4047e0bd92df834a40b68
      size: 1757
    outs:
    - path: .calkit/scheduler/logs/baseline-nsys.out
      hash: md5
      md5: 50b2e12b742e8e88c703e7e3f3bef228
      size: 164679
    - path: results/nsys/baseline.nsys-rep
      hash: md5
      md5: 26c88a631db17a3a7e67ec91543e7f85
      size: 20881153
    - path: results/nsys/baseline.sqlite
      hash: md5
      md5: 3b0cbf3e35e1e9bd68e1f7c301d881b7
      size: 41873408
  baseline-nsys-to-sqlite:
    cmd: ' bash --noprofile --norc -c "nsys export results/nsys/baseline.nsys-rep
      -t sqlite -o results/nsys/baseline.sqlite"'
    deps:
    - path: results/nsys/baseline.nsys-rep
      hash: md5
      md5: 84909e3c5d47bf6b810bf45fb58acf13
      size: 26515084
    outs:
    - path: results/nsys/baseline.sqlite
      hash: md5
      md5: 74c8a500a313b42d33b06d0055b287d4
      size: 54398976
  mod-nsys:
    cmd: calkit scheduler batch --name mod-nsys --environment clima --dep 
      scripts/run.jl --dep ClimaCoupler.jl-mod/src --dep 
      ClimaCoupler.jl-mod/config/benchmark_configs/amip_progedmf_1m_land_he16.yml
      --dep ClimaCoupler.jl-mod/experiments/AMIP/Manifest-v1.11.toml --dep 
      ClimaCoupler.jl-mod/experiments/AMIP/code_loading.jl --dep 
      ClimaCore.jl-mod/ext --dep ClimaCore.jl-mod/src --dep ClimaCore.jl-mod/lib
      --dep ClimaAtmos.jl-mod/src --dep ClimaAtmos.jl-mod/config --dep 
      .calkit/env-locks/clima --out results/nsys/mod.nsys-rep --out 
      results/nsys/mod.sqlite --option --gpus=1 --option --time=120 -- 
      scripts/run-nsys.sh results/nsys/mod ClimaCoupler.jl-mod/experiments/AMIP 
      ClimaCoupler.jl-mod/config/benchmark_configs/amip_progedmf_1m_land_he16.yml
    deps:
    - path: .calkit/env-locks/clima
      hash: md5
      md5: 4a492b1cd086cf3c57903dc68d414c8c.dir
      size: 118
      nfiles: 1
    - path: ClimaAtmos.jl-mod/config
      hash: md5
      md5: 98ad4318d793d34245cdb5c9642c4680.dir
      size: 90076
      nfiles: 100
    - path: ClimaAtmos.jl-mod/src
      hash: md5
      md5: 91343b8f076ae0c8dedc761ef8a5496d.dir
      size: 2064164
      nfiles: 150
    - path: ClimaCore.jl-mod/ext
      hash: md5
      md5: c2c02dc4979ca865fa58f72d2b09f0b9.dir
      size: 169255
      nfiles: 21
    - path: ClimaCore.jl-mod/lib
      hash: md5
      md5: fb89a9e72bfd0eeea67839c9ee491d31.dir
      size: 315791
      nfiles: 58
    - path: ClimaCore.jl-mod/src
      hash: md5
      md5: 738679dca2d1623bb3148a76ac32eb38.dir
      size: 1154883
      nfiles: 101
    - path: 
        ClimaCoupler.jl-mod/config/benchmark_configs/amip_progedmf_1m_land_he16.yml
      hash: md5
      md5: 577bef53fd5c8e8eb2897c6d236dec53
      size: 461
    - path: ClimaCoupler.jl-mod/experiments/AMIP/Manifest-v1.11.toml
      hash: md5
      md5: 2196d32503241757e422617bf90edbe3
      size: 122436
    - path: ClimaCoupler.jl-mod/experiments/AMIP/code_loading.jl
      hash: md5
      md5: 0c072357ce169058667a15672376802e
      size: 905
    - path: ClimaCoupler.jl-mod/src
      hash: md5
      md5: 6283b918bd216fac7539b492b22bc175.dir
      size: 305993
      nfiles: 22
    - path: scripts/run-nsys.sh
      hash: md5
      md5: d7bdb9eab2fe3f2124e6c21273de727b
      size: 2062
    - path: scripts/run.jl
      hash: md5
      md5: 692eb3325cd4047e0bd92df834a40b68
      size: 1757
    outs:
    - path: .calkit/scheduler/logs/mod-nsys.out
      hash: md5
      md5: 0a7d7179d45b8eb58882fcd3ac047626
      size: 134096
    - path: results/nsys/mod.nsys-rep
      hash: md5
      md5: 8c8530383e24ae5f19dce05a125577bb
      size: 20851496
    - path: results/nsys/mod.sqlite
      hash: md5
      md5: b11dbd782e30da4b6194f1eb43072ee3
      size: 41230336
  mod-nsys-to-sqlite:
    cmd: ' bash --noprofile --norc -c "nsys export results/nsys/mod.nsys-rep -t sqlite
      -o results/nsys/mod.sqlite"'
    deps:
    - path: results/nsys/mod.nsys-rep
      hash: md5
      md5: a608857b2de3be3b28096d0feaa55999
      size: 17033365
    outs:
    - path: results/nsys/mod.sqlite
      hash: md5
      md5: aed10d2fdcbb23f879a374eb7ffd2f7c
      size: 34992128
  baseline-ncu:
    cmd: calkit scheduler batch --name baseline-ncu --environment clima --dep 
      scripts/run.jl --dep ClimaCoupler.jl/src --dep 
      ClimaCoupler.jl/config/benchmark_configs/amip_progedmf_1m_land_he16.yml 
      --dep ClimaCoupler.jl/experiments/AMIP/Manifest-v1.11.toml --dep 
      ClimaCoupler.jl/experiments/AMIP/code_loading.jl --dep ClimaCore.jl/ext 
      --dep ClimaCore.jl/src --dep ClimaCore.jl/lib --dep ClimaAtmos.jl/src 
      --dep .calkit/env-locks/clima --out results/ncu/baseline.ncu-rep --out 
      results/ncu/baseline-details.csv -- scripts/run-ncu.sh 
      results/ncu/baseline --kernel-name 
      regex:set_microphysics_tendency_cache__FILE_ClimaAtmos_jl_src_cache_microphysics_cache_jl_L[0-9]+
      --project ClimaCoupler.jl/experiments/AMIP --config 
      ClimaCoupler.jl/config/benchmark_configs/amip_progedmf_1m_land_he16.yml 
      --launch-skip 3 --launch-count 6
    deps:
    - path: .calkit/env-locks/clima
      hash: md5
      md5: 4a492b1cd086cf3c57903dc68d414c8c.dir
      size: 118
      nfiles: 1
    - path: ClimaAtmos.jl/src
      hash: md5
      md5: ff530181c1fdbf8183519e3898d05f88.dir
      size: 2063022
      nfiles: 150
    - path: ClimaCore.jl/ext
      hash: md5
      md5: c2c02dc4979ca865fa58f72d2b09f0b9.dir
      size: 169255
      nfiles: 21
    - path: ClimaCore.jl/lib
      hash: md5
      md5: fb89a9e72bfd0eeea67839c9ee491d31.dir
      size: 315791
      nfiles: 58
    - path: ClimaCore.jl/src
      hash: md5
      md5: 738679dca2d1623bb3148a76ac32eb38.dir
      size: 1154883
      nfiles: 101
    - path: 
        ClimaCoupler.jl/config/benchmark_configs/amip_progedmf_1m_land_he16.yml
      hash: md5
      md5: 577bef53fd5c8e8eb2897c6d236dec53
      size: 461
    - path: ClimaCoupler.jl/experiments/AMIP/Manifest-v1.11.toml
      hash: md5
      md5: 9e753c71ef71e93e0389a8ada7b51dfe
      size: 122428
    - path: ClimaCoupler.jl/experiments/AMIP/code_loading.jl
      hash: md5
      md5: 0c072357ce169058667a15672376802e
      size: 905
    - path: ClimaCoupler.jl/src
      hash: md5
      md5: 6283b918bd216fac7539b492b22bc175.dir
      size: 305993
      nfiles: 22
    - path: scripts/run-ncu.sh
      hash: md5
      md5: c867521e040a5d380de0dcfdf1cd883c
      size: 3817
    - path: scripts/run.jl
      hash: md5
      md5: 692eb3325cd4047e0bd92df834a40b68
      size: 1757
    outs:
    - path: .calkit/scheduler/logs/baseline-ncu.out
      hash: md5
      md5: 8a81ad41baba12a08ad98d1b93b78026
      size: 31871
    - path: results/ncu/baseline-details.csv
      hash: md5
      md5: cada3490474b06e32b5bda3684325f72
      size: 150210
    - path: results/ncu/baseline.ncu-rep
      hash: md5
      md5: e8936e548700e5410e10bca22ba756cb
      size: 15027683
  baseline-ncu-details-csv:
    cmd: ' bash --noprofile --norc -c "ncu --csv -i results/ncu/baseline.ncu-rep --page
      details --log-file results/ncu/baseline-details.csv"'
    deps:
    - path: results/ncu/baseline.ncu-rep
      hash: md5
      md5: d4ede6fa4076c2eed2caa47f7e635664
      size: 10258397
    outs:
    - path: results/ncu/baseline-details.csv
      hash: md5
      md5: 319b5edf22519a4f02f389357a8e8760
      size: 182923
  summarize:
    cmd: calkit xenv -n py --no-check -- python scripts/summarize.py
    deps:
    - path: .calkit/env-locks/py
      hash: md5
      md5: cd569ef50836446fc837bb706d220836.dir
      size: 2090
      nfiles: 2
    - path: .calkit/scheduler/logs/amip-baseline.out
      hash: md5
      md5: 24b46fcd7547367542cf8f324761f2b7
      size: 45051
    - path: .calkit/scheduler/logs/amip-mod.out
      hash: md5
      md5: f706c46fb81787fbc8a59cd0172d7e4b
      size: 43885
    - path: results/nsys/baseline.sqlite
      hash: md5
      md5: 3b0cbf3e35e1e9bd68e1f7c301d881b7
      size: 41873408
    - path: results/nsys/mod.sqlite
      hash: md5
      md5: b11dbd782e30da4b6194f1eb43072ee3
      size: 41230336
    - path: scripts/summarize.py
      hash: md5
      md5: f8dda50a87d3635eaaa42feae31ed48f
      size: 2601
    outs:
    - path: results/summary.json
      hash: md5
      md5: ef708d50842ab536c29ba371c9c598d7
      size: 542
  mod-ncu:
    cmd: calkit scheduler batch --name mod-ncu --environment clima --dep 
      scripts/run.jl --dep ClimaCoupler.jl-mod/src --dep 
      ClimaCoupler.jl-mod/config/benchmark_configs/amip_progedmf_1m_land_he16.yml
      --dep ClimaCoupler.jl-mod/experiments/AMIP/Manifest-v1.11.toml --dep 
      ClimaCoupler.jl-mod/experiments/AMIP/code_loading.jl --dep 
      ClimaCore.jl-mod/ext --dep ClimaCore.jl-mod/src --dep ClimaCore.jl-mod/lib
      --dep ClimaAtmos.jl-mod/src --dep .calkit/env-locks/clima --out 
      results/ncu/mod.ncu-rep --out results/ncu/mod-details.csv --option 
      --gpus=1 --option --time=120 -- scripts/run-ncu.sh results/ncu/mod 
      --kernel-name 
      regex:set_microphysics_tendency_cache__FILE_ClimaAtmos_jl_mod_src_cache_microphysics_cache_jl_L[0-9]+
      --project ClimaCoupler.jl-mod/experiments/AMIP --config 
      ClimaCoupler.jl-mod/config/benchmark_configs/amip_progedmf_1m_land_he16.yml
      --launch-skip 3 --launch-count 6
    deps:
    - path: .calkit/env-locks/clima
      hash: md5
      md5: 4a492b1cd086cf3c57903dc68d414c8c.dir
      size: 118
      nfiles: 1
    - path: ClimaAtmos.jl-mod/src
      hash: md5
      md5: 91343b8f076ae0c8dedc761ef8a5496d.dir
      size: 2064164
      nfiles: 150
    - path: ClimaCore.jl-mod/ext
      hash: md5
      md5: c2c02dc4979ca865fa58f72d2b09f0b9.dir
      size: 169255
      nfiles: 21
    - path: ClimaCore.jl-mod/lib
      hash: md5
      md5: fb89a9e72bfd0eeea67839c9ee491d31.dir
      size: 315791
      nfiles: 58
    - path: ClimaCore.jl-mod/src
      hash: md5
      md5: 738679dca2d1623bb3148a76ac32eb38.dir
      size: 1154883
      nfiles: 101
    - path: 
        ClimaCoupler.jl-mod/config/benchmark_configs/amip_progedmf_1m_land_he16.yml
      hash: md5
      md5: 577bef53fd5c8e8eb2897c6d236dec53
      size: 461
    - path: ClimaCoupler.jl-mod/experiments/AMIP/Manifest-v1.11.toml
      hash: md5
      md5: 2196d32503241757e422617bf90edbe3
      size: 122436
    - path: ClimaCoupler.jl-mod/experiments/AMIP/code_loading.jl
      hash: md5
      md5: 0c072357ce169058667a15672376802e
      size: 905
    - path: ClimaCoupler.jl-mod/src
      hash: md5
      md5: 6283b918bd216fac7539b492b22bc175.dir
      size: 305993
      nfiles: 22
    - path: scripts/run-ncu.sh
      hash: md5
      md5: c867521e040a5d380de0dcfdf1cd883c
      size: 3817
    - path: scripts/run.jl
      hash: md5
      md5: 692eb3325cd4047e0bd92df834a40b68
      size: 1757
    outs:
    - path: .calkit/scheduler/logs/mod-ncu.out
      hash: md5
      md5: 03a88acde2ce9ab69a0ec44ab42ca24e
      size: 31631
    - path: results/ncu/mod-details.csv
      hash: md5
      md5: 5c816176661fd1d7955de096307996b8
      size: 152038
    - path: results/ncu/mod.ncu-rep
      hash: md5
      md5: dfe920a65c9d875bb875e3ef949df91f
      size: 11890800
  mod-ncu-details-csv:
    cmd: ' bash --noprofile --norc -c "ncu --csv -i results/ncu/mod.ncu-rep --page
      details --log-file results/ncu/mod-details.csv"'
    deps:
    - path: results/ncu/mod.ncu-rep
      hash: md5
      md5: 0997963dc413e542848982ecc84cc257
      size: 20161877
    outs:
    - path: results/ncu/mod-details.csv
      hash: md5
      md5: 1f8b255e5169e944afdbbe2650acd938
      size: 181165
  amip-baseline:
    cmd: calkit scheduler batch --name amip-baseline --environment clima --dep 
      ClimaCoupler.jl/experiments/AMIP/run_simulation.jl --dep 
      ClimaCoupler.jl/src --dep 
      ClimaCoupler.jl/config/benchmark_configs/amip_progedmf_1m_land_he16.yml 
      --dep ClimaCoupler.jl/experiments/AMIP/Manifest-v1.11.toml --dep 
      ClimaCoupler.jl/experiments/AMIP/code_loading.jl --dep ClimaCore.jl/ext 
      --dep ClimaCore.jl/src --dep ClimaCore.jl/lib --dep ClimaAtmos.jl/src 
      --dep ClimaAtmos.jl/toml --dep .calkit/env-locks/clima -- 
      scripts/run-julia-script.sh --project=ClimaCoupler.jl/experiments/AMIP 
      ClimaCoupler.jl/experiments/AMIP/run_simulation.jl --config_file 
      ClimaCoupler.jl/config/benchmark_configs/amip_progedmf_1m_land_he16.yml 
      --job_id gpu_amip_progedmf_1M_land_he16_baseline
    deps:
    - path: .calkit/env-locks/clima
      hash: md5
      md5: 4a492b1cd086cf3c57903dc68d414c8c.dir
      size: 118
      nfiles: 1
    - path: ClimaAtmos.jl/src
      hash: md5
      md5: ff530181c1fdbf8183519e3898d05f88.dir
      size: 2063022
      nfiles: 150
    - path: ClimaAtmos.jl/toml
      hash: md5
      md5: 54e655ca7f6f95b860f8e8908faf59d2.dir
      size: 13574
      nfiles: 28
    - path: ClimaCore.jl/ext
      hash: md5
      md5: c2c02dc4979ca865fa58f72d2b09f0b9.dir
      size: 169255
      nfiles: 21
    - path: ClimaCore.jl/lib
      hash: md5
      md5: fb89a9e72bfd0eeea67839c9ee491d31.dir
      size: 315791
      nfiles: 58
    - path: ClimaCore.jl/src
      hash: md5
      md5: 738679dca2d1623bb3148a76ac32eb38.dir
      size: 1154883
      nfiles: 101
    - path: 
        ClimaCoupler.jl/config/benchmark_configs/amip_progedmf_1m_land_he16.yml
      hash: md5
      md5: 577bef53fd5c8e8eb2897c6d236dec53
      size: 461
    - path: ClimaCoupler.jl/experiments/AMIP/Manifest-v1.11.toml
      hash: md5
      md5: 9e753c71ef71e93e0389a8ada7b51dfe
      size: 122428
    - path: ClimaCoupler.jl/experiments/AMIP/code_loading.jl
      hash: md5
      md5: 0c072357ce169058667a15672376802e
      size: 905
    - path: ClimaCoupler.jl/experiments/AMIP/run_simulation.jl
      hash: md5
      md5: 4f9113db3580369baad460d2e59b04b1
      size: 2329
    - path: ClimaCoupler.jl/src
      hash: md5
      md5: 6283b918bd216fac7539b492b22bc175.dir
      size: 305993
      nfiles: 22
    - path: scripts/run-julia-script.sh
      hash: md5
      md5: a61880cfce301ad9069fbaddfa8d5ad5
      size: 1033
    outs:
    - path: .calkit/scheduler/logs/amip-baseline.out
      hash: md5
      md5: 24b46fcd7547367542cf8f324761f2b7
      size: 45051
  amip-mod:
    cmd: calkit scheduler batch --name amip-mod --environment clima --dep 
      ClimaCoupler.jl-mod/experiments/AMIP/run_simulation.jl --dep 
      ClimaCoupler.jl-mod/src --dep 
      ClimaCoupler.jl-mod/config/benchmark_configs/amip_progedmf_1m_land_he16.yml
      --dep ClimaCoupler.jl-mod/experiments/AMIP/Manifest-v1.11.toml --dep 
      ClimaCoupler.jl-mod/experiments/AMIP/code_loading.jl --dep 
      ClimaCore.jl-mod/ext --dep ClimaCore.jl-mod/src --dep ClimaCore.jl-mod/lib
      --dep ClimaAtmos.jl-mod/src --dep ClimaAtmos.jl-mod/toml --dep 
      ClimaAtmos.jl-mod/config --dep .calkit/env-locks/clima --option --gpus=1 
      --option --time=120 -- scripts/run-julia-script.sh 
      --project=ClimaCoupler.jl-mod/experiments/AMIP 
      ClimaCoupler.jl-mod/experiments/AMIP/run_simulation.jl --config_file 
      ClimaCoupler.jl-mod/config/benchmark_configs/amip_progedmf_1m_land_he16.yml
      --job_id gpu_amip_progedmf_1M_land_he16_mod
    deps:
    - path: .calkit/env-locks/clima
      hash: md5
      md5: 4a492b1cd086cf3c57903dc68d414c8c.dir
      size: 118
      nfiles: 1
    - path: ClimaAtmos.jl-mod/config
      hash: md5
      md5: 98ad4318d793d34245cdb5c9642c4680.dir
      size: 90076
      nfiles: 100
    - path: ClimaAtmos.jl-mod/src
      hash: md5
      md5: 91343b8f076ae0c8dedc761ef8a5496d.dir
      size: 2064164
      nfiles: 150
    - path: ClimaAtmos.jl-mod/toml
      hash: md5
      md5: 54e655ca7f6f95b860f8e8908faf59d2.dir
      size: 13574
      nfiles: 28
    - path: ClimaCore.jl-mod/ext
      hash: md5
      md5: c2c02dc4979ca865fa58f72d2b09f0b9.dir
      size: 169255
      nfiles: 21
    - path: ClimaCore.jl-mod/lib
      hash: md5
      md5: fb89a9e72bfd0eeea67839c9ee491d31.dir
      size: 315791
      nfiles: 58
    - path: ClimaCore.jl-mod/src
      hash: md5
      md5: 738679dca2d1623bb3148a76ac32eb38.dir
      size: 1154883
      nfiles: 101
    - path: 
        ClimaCoupler.jl-mod/config/benchmark_configs/amip_progedmf_1m_land_he16.yml
      hash: md5
      md5: 577bef53fd5c8e8eb2897c6d236dec53
      size: 461
    - path: ClimaCoupler.jl-mod/experiments/AMIP/Manifest-v1.11.toml
      hash: md5
      md5: 2196d32503241757e422617bf90edbe3
      size: 122436
    - path: ClimaCoupler.jl-mod/experiments/AMIP/code_loading.jl
      hash: md5
      md5: 0c072357ce169058667a15672376802e
      size: 905
    - path: ClimaCoupler.jl-mod/experiments/AMIP/run_simulation.jl
      hash: md5
      md5: 4f9113db3580369baad460d2e59b04b1
      size: 2329
    - path: ClimaCoupler.jl-mod/src
      hash: md5
      md5: 6283b918bd216fac7539b492b22bc175.dir
      size: 305993
      nfiles: 22
    - path: scripts/run-julia-script.sh
      hash: md5
      md5: a61880cfce301ad9069fbaddfa8d5ad5
      size: 1033
    outs:
    - path: .calkit/scheduler/logs/amip-mod.out
      hash: md5
      md5: f706c46fb81787fbc8a59cd0172d7e4b
      size: 43885
  make-diffs:
    cmd: bash --noprofile --norc scripts/make-diffs.sh
    deps:
    - path: ClimaAtmos.jl
      hash: md5
      md5: ab6a85b092fa650946b856713ec4de98.dir
      size: 6283131
      nfiles: 586
    - path: ClimaAtmos.jl-mod
      hash: md5
      md5: 2385b57a6357482574d37beaf5ad6ba7.dir
      size: 6214922
      nfiles: 586
    - path: ClimaCore.jl
      hash: md5
      md5: c3b13afd42e9add5cf75b47280586d39.dir
      size: 4661425
      nfiles: 582
    - path: ClimaCore.jl-mod
      hash: md5
      md5: bb236a092dd32742f17be8d24c718566.dir
      size: 4689260
      nfiles: 583
    - path: ClimaCoupler.jl
      hash: md5
      md5: 4804325a5e98a645453302bccc87ad21.dir
      size: 8413577
      nfiles: 265
    - path: ClimaCoupler.jl-mod
      hash: md5
      md5: 46b81f2962b7d03ca8d6e4d65b980102.dir
      size: 8244784
      nfiles: 261
    - path: CloudMicrophysics.jl-mod
      hash: md5
      md5: 7cd009fed6c10d05d2377df03f9453ff.dir
      size: 2206337
      nfiles: 269
    - path: scripts/make-diffs.sh
      hash: md5
      md5: 7d8fee0aac84a909937389a3c04f13a4
      size: 1915
      isexec: true
    outs:
    - path: diffs
      hash: md5
      md5: 8685fb17c8759463e0d289c82f07230e.dir
      size: 3618
      nfiles: 4
  compare-kernels:
    cmd: calkit nb execute --environment py --no-check --to html 
      "notebooks/compare-kernels.ipynb"
    deps:
    - path: .calkit/env-locks/py
      hash: md5
      md5: cd569ef50836446fc837bb706d220836.dir
      size: 2090
      nfiles: 2
    - path: .calkit/notebooks/cleaned/notebooks/compare-kernels.ipynb
      hash: md5
      md5: 62e8730fe60a670a718295ae7f21567d
      size: 43055
    - path: .calkit/scheduler/logs/baseline-nsys.out
      hash: md5
      md5: 50b2e12b742e8e88c703e7e3f3bef228
      size: 164679
    - path: .calkit/scheduler/logs/mod-nsys.out
      hash: md5
      md5: 0a7d7179d45b8eb58882fcd3ac047626
      size: 134096
    - path: results/nsys/baseline.nsys-rep
      hash: md5
      md5: 26c88a631db17a3a7e67ec91543e7f85
      size: 20881153
    - path: results/nsys/baseline.sqlite
      hash: md5
      md5: 3b0cbf3e35e1e9bd68e1f7c301d881b7
      size: 41873408
    - path: results/nsys/mod.nsys-rep
      hash: md5
      md5: 8c8530383e24ae5f19dce05a125577bb
      size: 20851496
    - path: results/nsys/mod.sqlite
      hash: md5
      md5: b11dbd782e30da4b6194f1eb43072ee3
      size: 41230336
    outs:
    - path: .calkit/notebooks/executed/notebooks/compare-kernels.ipynb
      hash: md5
      md5: 684848ec9ccc859d857db49659d23148
      size: 69870
    - path: .calkit/notebooks/html/notebooks/compare-kernels.html
      hash: md5
      md5: d454d6e21756bba973e36293c52a1d62
      size: 423345
    - path: results/top-kernels.csv
      hash: md5
      md5: c8c42218c194294c484b0558b8d9b8f8
      size: 2968
  analyze-logs:
    cmd: calkit nb execute --environment py --no-check --to html 
      "notebooks/analyze-logs.ipynb"
    deps:
    - path: .calkit/env-locks/py
      hash: md5
      md5: cd569ef50836446fc837bb706d220836.dir
      size: 2090
      nfiles: 2
    - path: .calkit/notebooks/cleaned/notebooks/analyze-logs.ipynb
      hash: md5
      md5: 75afc9ee8bf18dc8e7d2e3a203d13524
      size: 2346
    - path: .calkit/scheduler/logs/amip-baseline.out
      hash: md5
      md5: 24b46fcd7547367542cf8f324761f2b7
      size: 45051
    - path: .calkit/scheduler/logs/amip-mod.out
      hash: md5
      md5: f706c46fb81787fbc8a59cd0172d7e4b
      size: 43885
    outs:
    - path: .calkit/notebooks/executed/notebooks/analyze-logs.ipynb
      hash: md5
      md5: 2f9899652ef50dd31fa24702669319cd
      size: 47903
    - path: .calkit/notebooks/html/notebooks/analyze-logs.html
      hash: md5
      md5: db01f7cb717930ead7c4c40215100328
      size: 329259
    - path: figures/sypd-time-series.png
      hash: md5
      md5: 5fef9da4204a9c6f50d4e6ff61fba9de
      size: 33160
  compile-time-study:
    cmd: calkit scheduler batch --name compile-time-study --environment clima 
      --dep scripts/measure-compile-time.jl --dep ClimaCoupler.jl-mod/src --dep 
      ClimaCoupler.jl-mod/config/benchmark_configs/amip_progedmf_1m_land_he16.yml
      --dep ClimaCoupler.jl-mod/experiments/AMIP/Manifest-v1.11.toml --dep 
      ClimaCoupler.jl-mod/experiments/AMIP/code_loading.jl --dep 
      ClimaCore.jl-mod/ext --dep ClimaCore.jl-mod/src --dep ClimaCore.jl-mod/lib
      --dep ClimaAtmos.jl-mod/src --dep .calkit/env-locks/clima --out 
      results/compile-time/compile-time.toml --option --gpus=1 --option 
      --time=300 -- scripts/run-compile-study.sh 
      ClimaCoupler.jl-mod/experiments/AMIP 
      ClimaCoupler.jl-mod/config/benchmark_configs/amip_progedmf_1m_land_he16.yml
      results/compile-time/compile-time.toml
    deps:
    - path: .calkit/env-locks/clima
      hash: md5
      md5: 4a492b1cd086cf3c57903dc68d414c8c.dir
      size: 118
      nfiles: 1
    - path: ClimaAtmos.jl-mod/src
      hash: md5
      md5: 2123f3c32f9c4ddaec14f61400d903dc.dir
      size: 2063258
      nfiles: 150
    - path: ClimaCore.jl-mod/ext
      hash: md5
      md5: f2992d39d96ad7c7683d8670d6cc7e76.dir
      size: 192029
      nfiles: 21
    - path: ClimaCore.jl-mod/lib
      hash: md5
      md5: fb89a9e72bfd0eeea67839c9ee491d31.dir
      size: 315791
      nfiles: 58
    - path: ClimaCore.jl-mod/src
      hash: md5
      md5: 738679dca2d1623bb3148a76ac32eb38.dir
      size: 1154883
      nfiles: 101
    - path: 
        ClimaCoupler.jl-mod/config/benchmark_configs/amip_progedmf_1m_land_he16.yml
      hash: md5
      md5: 577bef53fd5c8e8eb2897c6d236dec53
      size: 461
    - path: ClimaCoupler.jl-mod/experiments/AMIP/Manifest-v1.11.toml
      hash: md5
      md5: 2196d32503241757e422617bf90edbe3
      size: 122436
    - path: ClimaCoupler.jl-mod/experiments/AMIP/code_loading.jl
      hash: md5
      md5: 0c072357ce169058667a15672376802e
      size: 905
    - path: ClimaCoupler.jl-mod/src
      hash: md5
      md5: 6283b918bd216fac7539b492b22bc175.dir
      size: 305993
      nfiles: 22
    - path: scripts/measure-compile-time.jl
      hash: md5
      md5: d652ec1b4c83a4884054d9c8092d03d0
      size: 8026
    - path: scripts/run-compile-study.sh
      hash: md5
      md5: 4370c3d106ad1625dc3e0f824fdab75f
      size: 2904
      isexec: true
    outs:
    - path: .calkit/scheduler/logs/compile-time-study.out
      hash: md5
      md5: 86b0fd60989ab06010d405cc47256fc5
      size: 56273
    - path: results/compile-time/compile-time.toml
      hash: md5
      md5: 769fc0985456a82d7c71a043b6e1d832
      size: 2601
  export-kernel-resources:
    cmd: calkit xenv -n py --no-check -- python 
      scripts/export-kernel-resources.py
    deps:
    - path: .calkit/env-locks/py
      hash: md5
      md5: cd569ef50836446fc837bb706d220836.dir
      size: 2090
      nfiles: 2
    - path: .calkit/scheduler/logs/baseline-ncu.out
      hash: md5
      md5: 8a81ad41baba12a08ad98d1b93b78026
      size: 31871
    - path: .calkit/scheduler/logs/mod-ncu.out
      hash: md5
      md5: 03a88acde2ce9ab69a0ec44ab42ca24e
      size: 31631
    - path: results/ncu/baseline-details.csv
      hash: md5
      md5: cada3490474b06e32b5bda3684325f72
      size: 150210
    - path: results/ncu/baseline.ncu-rep
      hash: md5
      md5: e8936e548700e5410e10bca22ba756cb
      size: 15027683
    - path: results/ncu/mod-details.csv
      hash: md5
      md5: 5c816176661fd1d7955de096307996b8
      size: 152038
    - path: results/ncu/mod.ncu-rep
      hash: md5
      md5: dfe920a65c9d875bb875e3ef949df91f
      size: 11890800
    - path: scripts/export-kernel-resources.py
      hash: md5
      md5: cb3ef2bf9edf9df2730b35c7dd58334b
      size: 3959
    outs:
    - path: results/kernel-resources.csv
      hash: md5
      md5: b6aaba8cb14f371e9cce3a5ea00733b6
      size: 1258
  record-treatment:
    cmd: calkit xenv -n py --no-check -- python scripts/record-treatment.py
    deps:
    - path: .calkit/env-locks/py
      hash: md5
      md5: cd569ef50836446fc837bb706d220836.dir
      size: 2090
      nfiles: 2
    - path: calkit.yaml
      hash: md5
      md5: 3af0c62c188764dd5908d624e6743eb4
      size: 26351
    - path: diffs
      hash: md5
      md5: 8685fb17c8759463e0d289c82f07230e.dir
      size: 3618
      nfiles: 4
    - path: scripts/record-treatment.py
      hash: md5
      md5: cb5206ab509efef64bfc4e06cecb8fd7
      size: 7663
    outs:
    - path: results/treatment.json
      hash: md5
      md5: 420e9626ffdba7650a62acbd1bc68288
      size: 30927
